// !$*UTF8*$!
{
	archiveVersion = 1;
	classes = {
	};
	objectVersion = 56;
	objects = {

/* Begin PBXBuildFile section */
		870E3C442D4388010043DA00 /* RegisterViewController.swift in Sources */ = {isa = PBXBuildFile; fileRef = 870E3C422D4388010043DA00 /* RegisterViewController.swift */; };
		870E3C452D4388010043DA00 /* LoginViewController.swift in Sources */ = {isa = PBXBuildFile; fileRef = 870E3C412D4388010043DA00 /* LoginViewController.swift */; };
		870E3C4D2D4388860043DA00 /* AuthHeaderView.swift in Sources */ = {isa = PBXBuildFile; fileRef = 870E3C472D4388860043DA00 /* AuthHeaderView.swift */; };
		870E3C4E2D4388860043DA00 /* AuthButton.swift in Sources */ = {isa = PBXBuildFile; fileRef = 870E3C462D4388860043DA00 /* AuthButton.swift */; };
		870E3C512D4388860043DA00 /* Label.swift in Sources */ = {isa = PBXBuildFile; fileRef = 870E3C4A2D4388860043DA00 /* Label.swift */; };
		870E3C522D4388860043DA00 /* AuthTextField.swift in Sources */ = {isa = PBXBuildFile; fileRef = 870E3C482D4388860043DA00 /* AuthTextField.swift */; };
		870E3C8D2D4388D40043DA00 /* CreateEventModel.swift in Sources */ = {isa = PBXBuildFile; fileRef = 870E3C592D4388D40043DA00 /* CreateEventModel.swift */; };
		870E3C8E2D4388D40043DA00 /* SizePack.swift in Sources */ = {isa = PBXBuildFile; fileRef = 870E3C862D4388D40043DA00 /* SizePack.swift */; };
		870E3C902D4388D40043DA00 /* EventModel.swift in Sources */ = {isa = PBXBuildFile; fileRef = 870E3C672D4388D40043DA00 /* EventModel.swift */; };
		870E3C912D4388D40043DA00 /* EntryView.swift in Sources */ = {isa = PBXBuildFile; fileRef = 870E3C792D4388D40043DA00 /* EntryView.swift */; };
		870E3C922D4388D40043DA00 /* KeyboardObserver.swift in Sources */ = {isa = PBXBuildFile; fileRef = 870E3C8A2D4388D40043DA00 /* KeyboardObserver.swift */; };
		870E3C942D4388D40043DA00 /* EventComponents.swift in Sources */ = {isa = PBXBuildFile; fileRef = 870E3C6C2D4388D40043DA00 /* EventComponents.swift */; };
		870E3C952D4388D40043DA00 /* ColorPack.swift in Sources */ = {isa = PBXBuildFile; fileRef = 870E3C872D4388D40043DA00 /* ColorPack.swift */; };
		870E3C982D4388D40043DA00 /* LocationServicesStatusManager.swift in Sources */ = {isa = PBXBuildFile; fileRef = 870E3C7B2D4388D40043DA00 /* LocationServicesStatusManager.swift */; };
		870E3C992D4388D40043DA00 /* EventsView.swift in Sources */ = {isa = PBXBuildFile; fileRef = 870E3C6D2D4388D40043DA00 /* EventsView.swift */; };
		870E3C9A2D4388D40043DA00 /* YamWhiteText.swift in Sources */ = {isa = PBXBuildFile; fileRef = 870E3C5F2D4388D40043DA00 /* YamWhiteText.swift */; };
		870E3C9B2D4388D40043DA00 /* GradientLoader.swift in Sources */ = {isa = PBXBuildFile; fileRef = 870E3C552D4388D40043DA00 /* GradientLoader.swift */; };
		870E3C9C2D4388D40043DA00 /* CreateEventPlaceView.swift in Sources */ = {isa = PBXBuildFile; fileRef = 870E3C5D2D4388D40043DA00 /* CreateEventPlaceView.swift */; };
		870E3C9D2D4388D40043DA00 /* TabBarView.swift in Sources */ = {isa = PBXBuildFile; fileRef = 870E3C572D4388D40043DA00 /* TabBarView.swift */; };
		870E3C9F2D4388D40043DA00 /* FeedView.swift in Sources */ = {isa = PBXBuildFile; fileRef = 870E3C742D4388D40043DA00 /* FeedView.swift */; };
		870E3CA02D4388D40043DA00 /* GradientImage.swift in Sources */ = {isa = PBXBuildFile; fileRef = 870E3C532D4388D40043DA00 /* GradientImage.swift */; };
		870E3CA12D4388D40043DA00 /* GradientPack.swift in Sources */ = {isa = PBXBuildFile; fileRef = 870E3C892D4388D40043DA00 /* GradientPack.swift */; };
		870E3CA22D4388D40043DA00 /* EventCard.swift in Sources */ = {isa = PBXBuildFile; fileRef = 870E3C6B2D4388D40043DA00 /* EventCard.swift */; };
		870E3CA32D4388D40043DA00 /* YamCapsuleLabel.swift in Sources */ = {isa = PBXBuildFile; fileRef = 870E3C542D4388D40043DA00 /* YamCapsuleLabel.swift */; };
		870E3CA52D4388D40043DA00 /* CreateEventTextField.swift in Sources */ = {isa = PBXBuildFile; fileRef = 870E3C602D4388D40043DA00 /* CreateEventTextField.swift */; };
		870E3CA62D4388D40043DA00 /* CreateEventViewModel.swift in Sources */ = {isa = PBXBuildFile; fileRef = 870E3C632D4388D40043DA00 /* CreateEventViewModel.swift */; };
		870E3CA82D4388D40043DA00 /* MapView.swift in Sources */ = {isa = PBXBuildFile; fileRef = 870E3C7F2D4388D40043DA00 /* MapView.swift */; };
		870E3CA92D4388D40043DA00 /* CreateEventDatePicker.swift in Sources */ = {isa = PBXBuildFile; fileRef = 870E3C5E2D4388D40043DA00 /* CreateEventDatePicker.swift */; };
		870E3CAA2D4388D40043DA00 /* DetailedInfoView.swift in Sources */ = {isa = PBXBuildFile; fileRef = 870E3C6A2D4388D40043DA00 /* DetailedInfoView.swift */; };
		870E3CAB2D4388D40043DA00 /* TempDatabase.swift in Sources */ = {isa = PBXBuildFile; fileRef = 870E3C8B2D4388D40043DA00 /* TempDatabase.swift */; };
		870E3CAC2D4388D40043DA00 /* CreateEventView.swift in Sources */ = {isa = PBXBuildFile; fileRef = 870E3C612D4388D40043DA00 /* CreateEventView.swift */; };
		870E3CAD2D4388D40043DA00 /* LoginScreenIntegrator.swift in Sources */ = {isa = PBXBuildFile; fileRef = 870E3C562D4388D40043DA00 /* LoginScreenIntegrator.swift */; };
		870E3CAE2D4388D40043DA00 /* Preview Assets.xcassets in Resources */ = {isa = PBXBuildFile; fileRef = 870E3C832D4388D40043DA00 /* Preview Assets.xcassets */; };
		870E3CAF2D4388D40043DA00 /* Assets.xcassets in Resources */ = {isa = PBXBuildFile; fileRef = 870E3C852D4388D40043DA00 /* Assets.xcassets */; };
		8752B6F82D455A710017F2B8 /* CreateEventPlaceMap.swift in Sources */ = {isa = PBXBuildFile; fileRef = 8752B6F72D455A710017F2B8 /* CreateEventPlaceMap.swift */; };
		8752B6FC2D4568FB0017F2B8 /* Emoji.swift in Sources */ = {isa = PBXBuildFile; fileRef = 8752B6FB2D4568FB0017F2B8 /* Emoji.swift */; };
		8752B6FE2D457F930017F2B8 /* DateModel.swift in Sources */ = {isa = PBXBuildFile; fileRef = 8752B6FD2D457F930017F2B8 /* DateModel.swift */; };
		8752B7022D464DF90017F2B8 /* FeedViewModel.swift in Sources */ = {isa = PBXBuildFile; fileRef = 8752B7012D464DF90017F2B8 /* FeedViewModel.swift */; };
		8752B7042D464E370017F2B8 /* FeedModel.swift in Sources */ = {isa = PBXBuildFile; fileRef = 8752B7032D464E370017F2B8 /* FeedModel.swift */; };
		8752B7062D468D3E0017F2B8 /* YamImage.swift in Sources */ = {isa = PBXBuildFile; fileRef = 8752B7052D468D3E0017F2B8 /* YamImage.swift */; };
		8752B70A2D46924F0017F2B8 /* YamMappin.swift in Sources */ = {isa = PBXBuildFile; fileRef = 8752B7092D46924F0017F2B8 /* YamMappin.swift */; };
		878432E42D5129E500A24538 /* CreateEventHeader.swift in Sources */ = {isa = PBXBuildFile; fileRef = 878432E32D5129E500A24538 /* CreateEventHeader.swift */; };
		878432E62D512A1500A24538 /* CreateEventImagePicker.swift in Sources */ = {isa = PBXBuildFile; fileRef = 878432E52D512A1500A24538 /* CreateEventImagePicker.swift */; };
		878E73F32D47B8A000D425F4 /* UserModel.swift in Sources */ = {isa = PBXBuildFile; fileRef = 878E73F22D47B8A000D425F4 /* UserModel.swift */; };
		879B8A8E2D4BB81000DB28CC /* DisabledLocationServicesView.swift in Sources */ = {isa = PBXBuildFile; fileRef = 879B8A8D2D4BB81000DB28CC /* DisabledLocationServicesView.swift */; };
		879F2BFE2D46CE7F0027E46D /* DateConverter.swift in Sources */ = {isa = PBXBuildFile; fileRef = 879F2BFD2D46CE7F0027E46D /* DateConverter.swift */; };
		879F2C002D46E20C0027E46D /* PlaceHandler.swift in Sources */ = {isa = PBXBuildFile; fileRef = 879F2BFF2D46E20C0027E46D /* PlaceHandler.swift */; };
		879F2C092D46EF2A0027E46D /* EventLocationView.swift in Sources */ = {isa = PBXBuildFile; fileRef = 879F2C082D46EF2A0027E46D /* EventLocationView.swift */; };
		87B47A8F2D58B500007AA252 /* CornerRadius.swift in Sources */ = {isa = PBXBuildFile; fileRef = 87B47A8D2D58B500007AA252 /* CornerRadius.swift */; };
		87B47A912D58E9DF007AA252 /* YamCloseScreenButton.swift in Sources */ = {isa = PBXBuildFile; fileRef = 87B47A902D58E9DF007AA252 /* YamCloseScreenButton.swift */; };
		87BA68F82D494F8F008DF823 /* CLLocationCoordinate2D.swift in Sources */ = {isa = PBXBuildFile; fileRef = 87BA68F72D494F8F008DF823 /* CLLocationCoordinate2D.swift */; };
		87BA690A2D498302008DF823 /* UIViewController.swift in Sources */ = {isa = PBXBuildFile; fileRef = 87BA69072D498302008DF823 /* UIViewController.swift */; };
		87BA69142D498510008DF823 /* Locales.swift in Sources */ = {isa = PBXBuildFile; fileRef = 87BA69122D498510008DF823 /* Locales.swift */; };
		87BD45332D515BD0001B8E1B /* CreateEventPlacePicker.swift in Sources */ = {isa = PBXBuildFile; fileRef = 87BD45322D515BD0001B8E1B /* CreateEventPlacePicker.swift */; };
		87CEE3152D595453005D3375 /* Delme.swift in Sources */ = {isa = PBXBuildFile; fileRef = 87CEE3142D595453005D3375 /* Delme.swift */; };
		87DAF8C22D4E74DA00C8C550 /* FontManager.swift in Sources */ = {isa = PBXBuildFile; fileRef = 87DAF8C12D4E74DA00C8C550 /* FontManager.swift */; };
		87DAF8C82D4E775300C8C550 /* MontserratAlternates-Medium.ttf in Resources */ = {isa = PBXBuildFile; fileRef = 87DAF8C52D4E775300C8C550 /* MontserratAlternates-Medium.ttf */; };
		87DAF8C92D4E775300C8C550 /* MontserratAlternates-Regular.ttf in Resources */ = {isa = PBXBuildFile; fileRef = 87DAF8C62D4E775300C8C550 /* MontserratAlternates-Regular.ttf */; };
		87DAF8CA2D4E775300C8C550 /* MontserratAlternates-Bold.ttf in Resources */ = {isa = PBXBuildFile; fileRef = 87DAF8C32D4E775300C8C550 /* MontserratAlternates-Bold.ttf */; };
		87DAF8CB2D4E775300C8C550 /* MontserratAlternates-ExtraBold.ttf in Resources */ = {isa = PBXBuildFile; fileRef = 87DAF8C42D4E775300C8C550 /* MontserratAlternates-ExtraBold.ttf */; };
		87DAF8CC2D4E775300C8C550 /* MontserratAlternates-SemiBold.ttf in Resources */ = {isa = PBXBuildFile; fileRef = 87DAF8C72D4E775300C8C550 /* MontserratAlternates-SemiBold.ttf */; };
		87E54DB52D44F81300693B96 /* PlaceModel.swift in Sources */ = {isa = PBXBuildFile; fileRef = 87E54DB42D44F81300693B96 /* PlaceModel.swift */; };
		87FC48442D52089600F6D8CC /* CreateEventVStack.swift in Sources */ = {isa = PBXBuildFile; fileRef = 87FC48432D52089600F6D8CC /* CreateEventVStack.swift */; };
		DF7D99202CE122D70018E694 /* YamApp.swift in Sources */ = {isa = PBXBuildFile; fileRef = DF7D991B2CE122D70018E694 /* YamApp.swift */; };
		E73FA7E732B4D03CB589F5FB /* libPods-Yam.a in Frameworks */ = {isa = PBXBuildFile; fileRef = E59208C23824848D2D5F0EF4 /* libPods-Yam.a */; };
/* End PBXBuildFile section */

/* Begin PBXFileReference section */
		680A204F62F25B52140BAEA1 /* Pods-Yam.debug.xcconfig */ = {isa = PBXFileReference; includeInIndex = 1; lastKnownFileType = text.xcconfig; name = "Pods-Yam.debug.xcconfig"; path = "Target Support Files/Pods-Yam/Pods-Yam.debug.xcconfig"; sourceTree = "<group>"; };
		870E3C412D4388010043DA00 /* LoginViewController.swift */ = {isa = PBXFileReference; lastKnownFileType = sourcecode.swift; path = LoginViewController.swift; sourceTree = "<group>"; };
		870E3C422D4388010043DA00 /* RegisterViewController.swift */ = {isa = PBXFileReference; lastKnownFileType = sourcecode.swift; path = RegisterViewController.swift; sourceTree = "<group>"; };
		870E3C462D4388860043DA00 /* AuthButton.swift */ = {isa = PBXFileReference; lastKnownFileType = sourcecode.swift; path = AuthButton.swift; sourceTree = "<group>"; };
		870E3C472D4388860043DA00 /* AuthHeaderView.swift */ = {isa = PBXFileReference; lastKnownFileType = sourcecode.swift; path = AuthHeaderView.swift; sourceTree = "<group>"; };
		870E3C482D4388860043DA00 /* AuthTextField.swift */ = {isa = PBXFileReference; lastKnownFileType = sourcecode.swift; path = AuthTextField.swift; sourceTree = "<group>"; };
		870E3C4A2D4388860043DA00 /* Label.swift */ = {isa = PBXFileReference; lastKnownFileType = sourcecode.swift; path = Label.swift; sourceTree = "<group>"; };
		870E3C532D4388D40043DA00 /* GradientImage.swift */ = {isa = PBXFileReference; lastKnownFileType = sourcecode.swift; path = GradientImage.swift; sourceTree = "<group>"; };
		870E3C542D4388D40043DA00 /* YamCapsuleLabel.swift */ = {isa = PBXFileReference; lastKnownFileType = sourcecode.swift; path = YamCapsuleLabel.swift; sourceTree = "<group>"; };
		870E3C552D4388D40043DA00 /* GradientLoader.swift */ = {isa = PBXFileReference; lastKnownFileType = sourcecode.swift; path = GradientLoader.swift; sourceTree = "<group>"; };
		870E3C562D4388D40043DA00 /* LoginScreenIntegrator.swift */ = {isa = PBXFileReference; lastKnownFileType = sourcecode.swift; path = LoginScreenIntegrator.swift; sourceTree = "<group>"; };
		870E3C572D4388D40043DA00 /* TabBarView.swift */ = {isa = PBXFileReference; lastKnownFileType = sourcecode.swift; path = TabBarView.swift; sourceTree = "<group>"; };
		870E3C592D4388D40043DA00 /* CreateEventModel.swift */ = {isa = PBXFileReference; lastKnownFileType = sourcecode.swift; path = CreateEventModel.swift; sourceTree = "<group>"; };
		870E3C5D2D4388D40043DA00 /* CreateEventPlaceView.swift */ = {isa = PBXFileReference; lastKnownFileType = sourcecode.swift; path = CreateEventPlaceView.swift; sourceTree = "<group>"; };
		870E3C5E2D4388D40043DA00 /* CreateEventDatePicker.swift */ = {isa = PBXFileReference; lastKnownFileType = sourcecode.swift; path = CreateEventDatePicker.swift; sourceTree = "<group>"; };
		870E3C5F2D4388D40043DA00 /* YamWhiteText.swift */ = {isa = PBXFileReference; lastKnownFileType = sourcecode.swift; path = YamWhiteText.swift; sourceTree = "<group>"; };
		870E3C602D4388D40043DA00 /* CreateEventTextField.swift */ = {isa = PBXFileReference; lastKnownFileType = sourcecode.swift; path = CreateEventTextField.swift; sourceTree = "<group>"; };
		870E3C612D4388D40043DA00 /* CreateEventView.swift */ = {isa = PBXFileReference; lastKnownFileType = sourcecode.swift; path = CreateEventView.swift; sourceTree = "<group>"; };
		870E3C632D4388D40043DA00 /* CreateEventViewModel.swift */ = {isa = PBXFileReference; lastKnownFileType = sourcecode.swift; path = CreateEventViewModel.swift; sourceTree = "<group>"; };
		870E3C672D4388D40043DA00 /* EventModel.swift */ = {isa = PBXFileReference; lastKnownFileType = sourcecode.swift; path = EventModel.swift; sourceTree = "<group>"; };
		870E3C6A2D4388D40043DA00 /* DetailedInfoView.swift */ = {isa = PBXFileReference; lastKnownFileType = sourcecode.swift; path = DetailedInfoView.swift; sourceTree = "<group>"; };
		870E3C6B2D4388D40043DA00 /* EventCard.swift */ = {isa = PBXFileReference; lastKnownFileType = sourcecode.swift; path = EventCard.swift; sourceTree = "<group>"; };
		870E3C6C2D4388D40043DA00 /* EventComponents.swift */ = {isa = PBXFileReference; lastKnownFileType = sourcecode.swift; path = EventComponents.swift; sourceTree = "<group>"; };
		870E3C6D2D4388D40043DA00 /* EventsView.swift */ = {isa = PBXFileReference; lastKnownFileType = sourcecode.swift; path = EventsView.swift; sourceTree = "<group>"; };
		870E3C742D4388D40043DA00 /* FeedView.swift */ = {isa = PBXFileReference; lastKnownFileType = sourcecode.swift; path = FeedView.swift; sourceTree = "<group>"; };
		870E3C792D4388D40043DA00 /* EntryView.swift */ = {isa = PBXFileReference; lastKnownFileType = sourcecode.swift; path = EntryView.swift; sourceTree = "<group>"; };
		870E3C7B2D4388D40043DA00 /* LocationServicesStatusManager.swift */ = {isa = PBXFileReference; lastKnownFileType = sourcecode.swift; path = LocationServicesStatusManager.swift; sourceTree = "<group>"; };
		870E3C7F2D4388D40043DA00 /* MapView.swift */ = {isa = PBXFileReference; lastKnownFileType = sourcecode.swift; path = MapView.swift; sourceTree = "<group>"; };
		870E3C832D4388D40043DA00 /* Preview Assets.xcassets */ = {isa = PBXFileReference; lastKnownFileType = folder.assetcatalog; path = "Preview Assets.xcassets"; sourceTree = "<group>"; };
		870E3C852D4388D40043DA00 /* Assets.xcassets */ = {isa = PBXFileReference; lastKnownFileType = folder.assetcatalog; path = Assets.xcassets; sourceTree = "<group>"; };
		870E3C862D4388D40043DA00 /* SizePack.swift */ = {isa = PBXFileReference; lastKnownFileType = sourcecode.swift; path = SizePack.swift; sourceTree = "<group>"; };
		870E3C872D4388D40043DA00 /* ColorPack.swift */ = {isa = PBXFileReference; lastKnownFileType = sourcecode.swift; path = ColorPack.swift; sourceTree = "<group>"; };
		870E3C892D4388D40043DA00 /* GradientPack.swift */ = {isa = PBXFileReference; lastKnownFileType = sourcecode.swift; path = GradientPack.swift; sourceTree = "<group>"; };
		870E3C8A2D4388D40043DA00 /* KeyboardObserver.swift */ = {isa = PBXFileReference; lastKnownFileType = sourcecode.swift; path = KeyboardObserver.swift; sourceTree = "<group>"; };
		870E3C8B2D4388D40043DA00 /* TempDatabase.swift */ = {isa = PBXFileReference; lastKnownFileType = sourcecode.swift; path = TempDatabase.swift; sourceTree = "<group>"; };
		8752B6F72D455A710017F2B8 /* CreateEventPlaceMap.swift */ = {isa = PBXFileReference; lastKnownFileType = sourcecode.swift; path = CreateEventPlaceMap.swift; sourceTree = "<group>"; };
		8752B6FB2D4568FB0017F2B8 /* Emoji.swift */ = {isa = PBXFileReference; lastKnownFileType = sourcecode.swift; path = Emoji.swift; sourceTree = "<group>"; };
		8752B6FD2D457F930017F2B8 /* DateModel.swift */ = {isa = PBXFileReference; lastKnownFileType = sourcecode.swift; path = DateModel.swift; sourceTree = "<group>"; };
		8752B7012D464DF90017F2B8 /* FeedViewModel.swift */ = {isa = PBXFileReference; lastKnownFileType = sourcecode.swift; path = FeedViewModel.swift; sourceTree = "<group>"; };
		8752B7032D464E370017F2B8 /* FeedModel.swift */ = {isa = PBXFileReference; lastKnownFileType = sourcecode.swift; path = FeedModel.swift; sourceTree = "<group>"; };
		8752B7052D468D3E0017F2B8 /* YamImage.swift */ = {isa = PBXFileReference; lastKnownFileType = sourcecode.swift; path = YamImage.swift; sourceTree = "<group>"; };
		8752B7092D46924F0017F2B8 /* YamMappin.swift */ = {isa = PBXFileReference; lastKnownFileType = sourcecode.swift; path = YamMappin.swift; sourceTree = "<group>"; };
		878432E32D5129E500A24538 /* CreateEventHeader.swift */ = {isa = PBXFileReference; lastKnownFileType = sourcecode.swift; path = CreateEventHeader.swift; sourceTree = "<group>"; };
		878432E52D512A1500A24538 /* CreateEventImagePicker.swift */ = {isa = PBXFileReference; lastKnownFileType = sourcecode.swift; path = CreateEventImagePicker.swift; sourceTree = "<group>"; };
		878E73F22D47B8A000D425F4 /* UserModel.swift */ = {isa = PBXFileReference; lastKnownFileType = sourcecode.swift; path = UserModel.swift; sourceTree = "<group>"; };
		879B8A8D2D4BB81000DB28CC /* DisabledLocationServicesView.swift */ = {isa = PBXFileReference; lastKnownFileType = sourcecode.swift; path = DisabledLocationServicesView.swift; sourceTree = "<group>"; };
		879F2BFD2D46CE7F0027E46D /* DateConverter.swift */ = {isa = PBXFileReference; lastKnownFileType = sourcecode.swift; path = DateConverter.swift; sourceTree = "<group>"; };
		879F2BFF2D46E20C0027E46D /* PlaceHandler.swift */ = {isa = PBXFileReference; lastKnownFileType = sourcecode.swift; path = PlaceHandler.swift; sourceTree = "<group>"; };
		879F2C082D46EF2A0027E46D /* EventLocationView.swift */ = {isa = PBXFileReference; lastKnownFileType = sourcecode.swift; path = EventLocationView.swift; sourceTree = "<group>"; };
		87B47A8D2D58B500007AA252 /* CornerRadius.swift */ = {isa = PBXFileReference; lastKnownFileType = sourcecode.swift; path = CornerRadius.swift; sourceTree = "<group>"; };
		87B47A902D58E9DF007AA252 /* YamCloseScreenButton.swift */ = {isa = PBXFileReference; lastKnownFileType = sourcecode.swift; path = YamCloseScreenButton.swift; sourceTree = "<group>"; };
		87BA68F72D494F8F008DF823 /* CLLocationCoordinate2D.swift */ = {isa = PBXFileReference; lastKnownFileType = sourcecode.swift; path = CLLocationCoordinate2D.swift; sourceTree = "<group>"; };
		87BA69072D498302008DF823 /* UIViewController.swift */ = {isa = PBXFileReference; lastKnownFileType = sourcecode.swift; path = UIViewController.swift; sourceTree = "<group>"; };
		87BA69122D498510008DF823 /* Locales.swift */ = {isa = PBXFileReference; lastKnownFileType = sourcecode.swift; path = Locales.swift; sourceTree = "<group>"; };
		87BD45322D515BD0001B8E1B /* CreateEventPlacePicker.swift */ = {isa = PBXFileReference; lastKnownFileType = sourcecode.swift; path = CreateEventPlacePicker.swift; sourceTree = "<group>"; };
		87CEE3142D595453005D3375 /* Delme.swift */ = {isa = PBXFileReference; lastKnownFileType = sourcecode.swift; path = Delme.swift; sourceTree = "<group>"; };
		87DAF8C02D4E747D00C8C550 /* Info.plist */ = {isa = PBXFileReference; lastKnownFileType = text.plist; path = Info.plist; sourceTree = "<group>"; };
		87DAF8C12D4E74DA00C8C550 /* FontManager.swift */ = {isa = PBXFileReference; lastKnownFileType = sourcecode.swift; path = FontManager.swift; sourceTree = "<group>"; };
		87DAF8C32D4E775300C8C550 /* MontserratAlternates-Bold.ttf */ = {isa = PBXFileReference; lastKnownFileType = file; path = "MontserratAlternates-Bold.ttf"; sourceTree = "<group>"; };
		87DAF8C42D4E775300C8C550 /* MontserratAlternates-ExtraBold.ttf */ = {isa = PBXFileReference; lastKnownFileType = file; path = "MontserratAlternates-ExtraBold.ttf"; sourceTree = "<group>"; };
		87DAF8C52D4E775300C8C550 /* MontserratAlternates-Medium.ttf */ = {isa = PBXFileReference; lastKnownFileType = file; path = "MontserratAlternates-Medium.ttf"; sourceTree = "<group>"; };
		87DAF8C62D4E775300C8C550 /* MontserratAlternates-Regular.ttf */ = {isa = PBXFileReference; lastKnownFileType = file; path = "MontserratAlternates-Regular.ttf"; sourceTree = "<group>"; };
		87DAF8C72D4E775300C8C550 /* MontserratAlternates-SemiBold.ttf */ = {isa = PBXFileReference; lastKnownFileType = file; path = "MontserratAlternates-SemiBold.ttf"; sourceTree = "<group>"; };
		87E54DB42D44F81300693B96 /* PlaceModel.swift */ = {isa = PBXFileReference; lastKnownFileType = sourcecode.swift; path = PlaceModel.swift; sourceTree = "<group>"; };
		87E6FC0A2CCE2B8000B2DA3B /* Yam.app */ = {isa = PBXFileReference; explicitFileType = wrapper.application; includeInIndex = 0; path = Yam.app; sourceTree = BUILT_PRODUCTS_DIR; };
		87FC48432D52089600F6D8CC /* CreateEventVStack.swift */ = {isa = PBXFileReference; lastKnownFileType = sourcecode.swift; path = CreateEventVStack.swift; sourceTree = "<group>"; };
		961E57A55203F9FD8BA41608 /* Pods-Yam.release.xcconfig */ = {isa = PBXFileReference; includeInIndex = 1; lastKnownFileType = text.xcconfig; name = "Pods-Yam.release.xcconfig"; path = "Target Support Files/Pods-Yam/Pods-Yam.release.xcconfig"; sourceTree = "<group>"; };
		DF7D991B2CE122D70018E694 /* YamApp.swift */ = {isa = PBXFileReference; lastKnownFileType = sourcecode.swift; path = YamApp.swift; sourceTree = "<group>"; };
		E59208C23824848D2D5F0EF4 /* libPods-Yam.a */ = {isa = PBXFileReference; explicitFileType = archive.ar; includeInIndex = 0; path = "libPods-Yam.a"; sourceTree = BUILT_PRODUCTS_DIR; };
/* End PBXFileReference section */

/* Begin PBXFrameworksBuildPhase section */
		87E6FC072CCE2B8000B2DA3B /* Frameworks */ = {
			isa = PBXFrameworksBuildPhase;
			buildActionMask = 2147483647;
			files = (
				E73FA7E732B4D03CB589F5FB /* libPods-Yam.a in Frameworks */,
			);
			runOnlyForDeploymentPostprocessing = 0;
		};
/* End PBXFrameworksBuildPhase section */

/* Begin PBXGroup section */
		5F0FFA1184379D19F4702C2A /* Frameworks */ = {
			isa = PBXGroup;
			children = (
				E59208C23824848D2D5F0EF4 /* libPods-Yam.a */,
			);
			name = Frameworks;
			sourceTree = "<group>";
		};
		870E3C432D4388010043DA00 /* Authorization */ = {
			isa = PBXGroup;
			children = (
				878E73EF2D47B88D00D425F4 /* View */,
				878E73F12D47B88D00D425F4 /* ViewModel */,
				878E73F02D47B88D00D425F4 /* Model */,
				87BA69162D49858C008DF823 /* Support */,
			);
			path = Authorization;
			sourceTree = "<group>";
		};
		870E3C4C2D4388860043DA00 /* DesignSystem */ = {
			isa = PBXGroup;
			children = (
				870E3C582D4388D40043DA00 /* Component */,
				87BA69102D4984ED008DF823 /* Size */,
				87BA69042D49828C008DF823 /* Font */,
				87BA69002D49807D008DF823 /* Color */,
				87BA69022D49822E008DF823 /* Emoji */,
				87BA69132D498510008DF823 /* Locale */,
			);
			path = DesignSystem;
			sourceTree = "<group>";
		};
		870E3C582D4388D40043DA00 /* Component */ = {
			isa = PBXGroup;
			children = (
				870E3C542D4388D40043DA00 /* YamCapsuleLabel.swift */,
				870E3C5F2D4388D40043DA00 /* YamWhiteText.swift */,
				8752B7052D468D3E0017F2B8 /* YamImage.swift */,
				8752B7092D46924F0017F2B8 /* YamMappin.swift */,
				87B47A902D58E9DF007AA252 /* YamCloseScreenButton.swift */,
				870E3C532D4388D40043DA00 /* GradientImage.swift */,
				870E3C552D4388D40043DA00 /* GradientLoader.swift */,
				870E3C462D4388860043DA00 /* AuthButton.swift */,
				870E3C472D4388860043DA00 /* AuthHeaderView.swift */,
				870E3C482D4388860043DA00 /* AuthTextField.swift */,
				870E3C4A2D4388860043DA00 /* Label.swift */,
			);
			path = Component;
			sourceTree = "<group>";
		};
		870E3C5C2D4388D40043DA00 /* Model */ = {
			isa = PBXGroup;
			children = (
				870E3C592D4388D40043DA00 /* CreateEventModel.swift */,
				87E54DB42D44F81300693B96 /* PlaceModel.swift */,
				8752B6FD2D457F930017F2B8 /* DateModel.swift */,
			);
			path = Model;
			sourceTree = "<group>";
		};
		870E3C622D4388D40043DA00 /* View */ = {
			isa = PBXGroup;
			children = (
				870E3C612D4388D40043DA00 /* CreateEventView.swift */,
				878432E32D5129E500A24538 /* CreateEventHeader.swift */,
				878432E52D512A1500A24538 /* CreateEventImagePicker.swift */,
				870E3C602D4388D40043DA00 /* CreateEventTextField.swift */,
				870E3C5E2D4388D40043DA00 /* CreateEventDatePicker.swift */,
				87FC48432D52089600F6D8CC /* CreateEventVStack.swift */,
				87FC484A2D52446900F6D8CC /* CreateEventPlace */,
			);
			path = View;
			sourceTree = "<group>";
		};
		870E3C642D4388D40043DA00 /* ViewModel */ = {
			isa = PBXGroup;
			children = (
				870E3C632D4388D40043DA00 /* CreateEventViewModel.swift */,
			);
			path = ViewModel;
			sourceTree = "<group>";
		};
		870E3C652D4388D40043DA00 /* CreateEvent */ = {
			isa = PBXGroup;
			children = (
				870E3C622D4388D40043DA00 /* View */,
				870E3C642D4388D40043DA00 /* ViewModel */,
				870E3C5C2D4388D40043DA00 /* Model */,
			);
			path = CreateEvent;
			sourceTree = "<group>";
		};
		870E3C682D4388D40043DA00 /* Model */ = {
			isa = PBXGroup;
			children = (
				870E3C672D4388D40043DA00 /* EventModel.swift */,
			);
			path = Model;
			sourceTree = "<group>";
		};
		870E3C6F2D4388D40043DA00 /* View */ = {
			isa = PBXGroup;
			children = (
				870E3C6A2D4388D40043DA00 /* DetailedInfoView.swift */,
				870E3C6D2D4388D40043DA00 /* EventsView.swift */,
				870E3C6B2D4388D40043DA00 /* EventCard.swift */,
				870E3C6C2D4388D40043DA00 /* EventComponents.swift */,
			);
			path = View;
			sourceTree = "<group>";
		};
		870E3C712D4388D40043DA00 /* ViewModel */ = {
			isa = PBXGroup;
			children = (
			);
			path = ViewModel;
			sourceTree = "<group>";
		};
		870E3C722D4388D40043DA00 /* DetailedInfo */ = {
			isa = PBXGroup;
			children = (
				870E3C6F2D4388D40043DA00 /* View */,
				870E3C712D4388D40043DA00 /* ViewModel */,
				870E3C682D4388D40043DA00 /* Model */,
			);
			path = DetailedInfo;
			sourceTree = "<group>";
		};
		870E3C732D4388D40043DA00 /* Model */ = {
			isa = PBXGroup;
			children = (
				8752B7032D464E370017F2B8 /* FeedModel.swift */,
			);
			path = Model;
			sourceTree = "<group>";
		};
		870E3C752D4388D40043DA00 /* View */ = {
			isa = PBXGroup;
			children = (
				870E3C742D4388D40043DA00 /* FeedView.swift */,
			);
			path = View;
			sourceTree = "<group>";
		};
		870E3C762D4388D40043DA00 /* ViewModel */ = {
			isa = PBXGroup;
			children = (
				8752B7012D464DF90017F2B8 /* FeedViewModel.swift */,
			);
			path = ViewModel;
			sourceTree = "<group>";
		};
		870E3C772D4388D40043DA00 /* Feed */ = {
			isa = PBXGroup;
			children = (
				870E3C752D4388D40043DA00 /* View */,
				870E3C762D4388D40043DA00 /* ViewModel */,
				870E3C732D4388D40043DA00 /* Model */,
			);
			path = Feed;
			sourceTree = "<group>";
		};
		870E3C7D2D4388D40043DA00 /* Entry */ = {
			isa = PBXGroup;
			children = (
				870E3C792D4388D40043DA00 /* EntryView.swift */,
				870E3C572D4388D40043DA00 /* TabBarView.swift */,
				879B8A8D2D4BB81000DB28CC /* DisabledLocationServicesView.swift */,
				870E3C7B2D4388D40043DA00 /* LocationServicesStatusManager.swift */,
			);
			path = Entry;
			sourceTree = "<group>";
		};
		870E3C7E2D4388D40043DA00 /* Model */ = {
			isa = PBXGroup;
			children = (
			);
			path = Model;
			sourceTree = "<group>";
		};
		870E3C802D4388D40043DA00 /* View */ = {
			isa = PBXGroup;
			children = (
				870E3C7F2D4388D40043DA00 /* MapView.swift */,
			);
			path = View;
			sourceTree = "<group>";
		};
		870E3C812D4388D40043DA00 /* ViewModel */ = {
			isa = PBXGroup;
			children = (
			);
			path = ViewModel;
			sourceTree = "<group>";
		};
		870E3C822D4388D40043DA00 /* Map */ = {
			isa = PBXGroup;
			children = (
				870E3C802D4388D40043DA00 /* View */,
				870E3C812D4388D40043DA00 /* ViewModel */,
				870E3C7E2D4388D40043DA00 /* Model */,
			);
			path = Map;
			sourceTree = "<group>";
		};
		870E3C842D4388D40043DA00 /* Preview Content */ = {
			isa = PBXGroup;
			children = (
				870E3C832D4388D40043DA00 /* Preview Assets.xcassets */,
			);
			path = "Preview Content";
			sourceTree = "<group>";
		};
		870E3C8C2D4388D40043DA00 /* Utility */ = {
			isa = PBXGroup;
			children = (
				87B47A8E2D58B500007AA252 /* View */,
				87BA690E2D4983DC008DF823 /* Map */,
				87BA690C2D49834B008DF823 /* Formatter&Handler */,
				87BA69082D498302008DF823 /* Keyboard */,
			);
			path = Utility;
			sourceTree = "<group>";
		};
		878E73EF2D47B88D00D425F4 /* View */ = {
			isa = PBXGroup;
			children = (
				870E3C422D4388010043DA00 /* RegisterViewController.swift */,
				870E3C412D4388010043DA00 /* LoginViewController.swift */,
			);
			path = View;
			sourceTree = "<group>";
		};
		878E73F02D47B88D00D425F4 /* Model */ = {
			isa = PBXGroup;
			children = (
				878E73F22D47B8A000D425F4 /* UserModel.swift */,
			);
			path = Model;
			sourceTree = "<group>";
		};
		878E73F12D47B88D00D425F4 /* ViewModel */ = {
			isa = PBXGroup;
			children = (
			);
			path = ViewModel;
			sourceTree = "<group>";
		};
		879F2C012D46EEEA0027E46D /* EventLocation */ = {
			isa = PBXGroup;
			children = (
				879F2C072D46EF190027E46D /* View */,
				879F2C052D46EF190027E46D /* ViewModel */,
				879F2C062D46EF190027E46D /* Model */,
			);
			path = EventLocation;
			sourceTree = "<group>";
		};
		879F2C052D46EF190027E46D /* ViewModel */ = {
			isa = PBXGroup;
			children = (
			);
			path = ViewModel;
			sourceTree = "<group>";
		};
		879F2C062D46EF190027E46D /* Model */ = {
			isa = PBXGroup;
			children = (
			);
			path = Model;
			sourceTree = "<group>";
		};
		879F2C072D46EF190027E46D /* View */ = {
			isa = PBXGroup;
			children = (
				879F2C082D46EF2A0027E46D /* EventLocationView.swift */,
			);
			path = View;
			sourceTree = "<group>";
		};
		87B47A8E2D58B500007AA252 /* View */ = {
			isa = PBXGroup;
			children = (
				87B47A8D2D58B500007AA252 /* CornerRadius.swift */,
			);
			path = View;
			sourceTree = "<group>";
		};
		87BA68ED2D494DBD008DF823 /* Core */ = {
			isa = PBXGroup;
			children = (
				DF7D991B2CE122D70018E694 /* YamApp.swift */,
				870E3C8B2D4388D40043DA00 /* TempDatabase.swift */,
				870E3C852D4388D40043DA00 /* Assets.xcassets */,
				870E3C842D4388D40043DA00 /* Preview Content */,
				87CEE3142D595453005D3375 /* Delme.swift */,
			);
			path = Core;
			sourceTree = "<group>";
		};
		87BA68FC2D497C39008DF823 /* Module */ = {
			isa = PBXGroup;
			children = (
				870E3C7D2D4388D40043DA00 /* Entry */,
				870E3C432D4388010043DA00 /* Authorization */,
				870E3C822D4388D40043DA00 /* Map */,
				870E3C652D4388D40043DA00 /* CreateEvent */,
				870E3C772D4388D40043DA00 /* Feed */,
				870E3C722D4388D40043DA00 /* DetailedInfo */,
				879F2C012D46EEEA0027E46D /* EventLocation */,
			);
			path = Module;
			sourceTree = "<group>";
		};
		87BA69002D49807D008DF823 /* Color */ = {
			isa = PBXGroup;
			children = (
				870E3C872D4388D40043DA00 /* ColorPack.swift */,
				870E3C892D4388D40043DA00 /* GradientPack.swift */,
			);
			path = Color;
			sourceTree = "<group>";
		};
		87BA69022D49822E008DF823 /* Emoji */ = {
			isa = PBXGroup;
			children = (
				8752B6FB2D4568FB0017F2B8 /* Emoji.swift */,
			);
			path = Emoji;
			sourceTree = "<group>";
		};
		87BA69042D49828C008DF823 /* Font */ = {
			isa = PBXGroup;
			children = (
				87DAF8C12D4E74DA00C8C550 /* FontManager.swift */,
				87DAF8CE2D4E77DF00C8C550 /* MontserratAlternates */,
			);
			path = Font;
			sourceTree = "<group>";
		};
		87BA69082D498302008DF823 /* Keyboard */ = {
			isa = PBXGroup;
			children = (
				870E3C8A2D4388D40043DA00 /* KeyboardObserver.swift */,
				87BA69072D498302008DF823 /* UIViewController.swift */,
			);
			path = Keyboard;
			sourceTree = "<group>";
		};
		87BA690C2D49834B008DF823 /* Formatter&Handler */ = {
			isa = PBXGroup;
			children = (
				879F2BFF2D46E20C0027E46D /* PlaceHandler.swift */,
				879F2BFD2D46CE7F0027E46D /* DateConverter.swift */,
			);
			path = "Formatter&Handler";
			sourceTree = "<group>";
		};
		87BA690E2D4983DC008DF823 /* Map */ = {
			isa = PBXGroup;
			children = (
				87BA68F72D494F8F008DF823 /* CLLocationCoordinate2D.swift */,
			);
			path = Map;
			sourceTree = "<group>";
		};
		87BA69102D4984ED008DF823 /* Size */ = {
			isa = PBXGroup;
			children = (
				870E3C862D4388D40043DA00 /* SizePack.swift */,
			);
			path = Size;
			sourceTree = "<group>";
		};
		87BA69132D498510008DF823 /* Locale */ = {
			isa = PBXGroup;
			children = (
				87BA69122D498510008DF823 /* Locales.swift */,
			);
			path = Locale;
			sourceTree = "<group>";
		};
		87BA69162D49858C008DF823 /* Support */ = {
			isa = PBXGroup;
			children = (
				870E3C562D4388D40043DA00 /* LoginScreenIntegrator.swift */,
			);
			path = Support;
			sourceTree = "<group>";
		};
		87DAF8CE2D4E77DF00C8C550 /* MontserratAlternates */ = {
			isa = PBXGroup;
			children = (
				87DAF8C42D4E775300C8C550 /* MontserratAlternates-ExtraBold.ttf */,
				87DAF8C32D4E775300C8C550 /* MontserratAlternates-Bold.ttf */,
				87DAF8C72D4E775300C8C550 /* MontserratAlternates-SemiBold.ttf */,
				87DAF8C52D4E775300C8C550 /* MontserratAlternates-Medium.ttf */,
				87DAF8C62D4E775300C8C550 /* MontserratAlternates-Regular.ttf */,
			);
			path = MontserratAlternates;
			sourceTree = "<group>";
		};
		87E6FC012CCE2B8000B2DA3B = {
			isa = PBXGroup;
			children = (
				DF7D991C2CE122D70018E694 /* Yam */,
				87E6FC0B2CCE2B8000B2DA3B /* Products */,
				FF9068E75B7E7F1807F44EA2 /* Pods */,
				5F0FFA1184379D19F4702C2A /* Frameworks */,
			);
			sourceTree = "<group>";
		};
		87E6FC0B2CCE2B8000B2DA3B /* Products */ = {
			isa = PBXGroup;
			children = (
				87E6FC0A2CCE2B8000B2DA3B /* Yam.app */,
			);
			name = Products;
			sourceTree = "<group>";
		};
		87FC484A2D52446900F6D8CC /* CreateEventPlace */ = {
			isa = PBXGroup;
			children = (
				870E3C5D2D4388D40043DA00 /* CreateEventPlaceView.swift */,
				87BD45322D515BD0001B8E1B /* CreateEventPlacePicker.swift */,
				8752B6F72D455A710017F2B8 /* CreateEventPlaceMap.swift */,
			);
			path = CreateEventPlace;
			sourceTree = "<group>";
		};
		DF7D991C2CE122D70018E694 /* Yam */ = {
			isa = PBXGroup;
			children = (
				87DAF8C02D4E747D00C8C550 /* Info.plist */,
				87BA68ED2D494DBD008DF823 /* Core */,
				87BA68FC2D497C39008DF823 /* Module */,
				870E3C4C2D4388860043DA00 /* DesignSystem */,
				870E3C8C2D4388D40043DA00 /* Utility */,
			);
			path = Yam;
			sourceTree = "<group>";
		};
		FF9068E75B7E7F1807F44EA2 /* Pods */ = {
			isa = PBXGroup;
			children = (
				680A204F62F25B52140BAEA1 /* Pods-Yam.debug.xcconfig */,
				961E57A55203F9FD8BA41608 /* Pods-Yam.release.xcconfig */,
			);
			path = Pods;
			sourceTree = "<group>";
		};
/* End PBXGroup section */

/* Begin PBXNativeTarget section */
		87E6FC092CCE2B8000B2DA3B /* Yam */ = {
			isa = PBXNativeTarget;
			buildConfigurationList = 87E6FC182CCE2B8200B2DA3B /* Build configuration list for PBXNativeTarget "Yam" */;
			buildPhases = (
				FF5FED187FFF117194FB2DD4 /* [CP] Check Pods Manifest.lock */,
				DF7A2CF72CE124B0000EC3A5 /* ShellScript */,
				87E6FC062CCE2B8000B2DA3B /* Sources */,
				87E6FC072CCE2B8000B2DA3B /* Frameworks */,
				87E6FC082CCE2B8000B2DA3B /* Resources */,
			);
			buildRules = (
			);
			dependencies = (
			);
			name = Yam;
			productName = Yam;
			productReference = 87E6FC0A2CCE2B8000B2DA3B /* Yam.app */;
			productType = "com.apple.product-type.application";
		};
/* End PBXNativeTarget section */

/* Begin PBXProject section */
		87E6FC022CCE2B8000B2DA3B /* Project object */ = {
			isa = PBXProject;
			attributes = {
				BuildIndependentTargetsInParallel = 1;
				LastSwiftUpdateCheck = 1600;
				LastUpgradeCheck = 1600;
				TargetAttributes = {
					87E6FC092CCE2B8000B2DA3B = {
						CreatedOnToolsVersion = 16.0;
					};
				};
			};
			buildConfigurationList = 87E6FC052CCE2B8000B2DA3B /* Build configuration list for PBXProject "Yam" */;
			compatibilityVersion = "Xcode 14.0";
			developmentRegion = en;
			hasScannedForEncodings = 0;
			knownRegions = (
				en,
				Base,
			);
			mainGroup = 87E6FC012CCE2B8000B2DA3B;
			productRefGroup = 87E6FC0B2CCE2B8000B2DA3B /* Products */;
			projectDirPath = "";
			projectRoot = "";
			targets = (
				87E6FC092CCE2B8000B2DA3B /* Yam */,
			);
		};
/* End PBXProject section */

/* Begin PBXResourcesBuildPhase section */
		87E6FC082CCE2B8000B2DA3B /* Resources */ = {
			isa = PBXResourcesBuildPhase;
			buildActionMask = 2147483647;
			files = (
				870E3CAE2D4388D40043DA00 /* Preview Assets.xcassets in Resources */,
				87DAF8C82D4E775300C8C550 /* MontserratAlternates-Medium.ttf in Resources */,
				87DAF8C92D4E775300C8C550 /* MontserratAlternates-Regular.ttf in Resources */,
				87DAF8CA2D4E775300C8C550 /* MontserratAlternates-Bold.ttf in Resources */,
				87DAF8CB2D4E775300C8C550 /* MontserratAlternates-ExtraBold.ttf in Resources */,
				87DAF8CC2D4E775300C8C550 /* MontserratAlternates-SemiBold.ttf in Resources */,
				870E3CAF2D4388D40043DA00 /* Assets.xcassets in Resources */,
			);
			runOnlyForDeploymentPostprocessing = 0;
		};
/* End PBXResourcesBuildPhase section */

/* Begin PBXShellScriptBuildPhase section */
		DF7A2CF72CE124B0000EC3A5 /* ShellScript */ = {
			isa = PBXShellScriptBuildPhase;
			buildActionMask = 2147483647;
			files = (
			);
			inputFileListPaths = (
			);
			inputPaths = (
			);
			outputFileListPaths = (
			);
			outputPaths = (
			);
			runOnlyForDeploymentPostprocessing = 0;
			shellPath = /bin/sh;
			shellScript = "${PODS_ROOT}/SwiftLint/swiftlint\n";
		};
		FF5FED187FFF117194FB2DD4 /* [CP] Check Pods Manifest.lock */ = {
			isa = PBXShellScriptBuildPhase;
			buildActionMask = 2147483647;
			files = (
			);
			inputFileListPaths = (
			);
			inputPaths = (
				"${PODS_PODFILE_DIR_PATH}/Podfile.lock",
				"${PODS_ROOT}/Manifest.lock",
			);
			name = "[CP] Check Pods Manifest.lock";
			outputFileListPaths = (
			);
			outputPaths = (
				"$(DERIVED_FILE_DIR)/Pods-Yam-checkManifestLockResult.txt",
			);
			runOnlyForDeploymentPostprocessing = 0;
			shellPath = /bin/sh;
			shellScript = "diff \"${PODS_PODFILE_DIR_PATH}/Podfile.lock\" \"${PODS_ROOT}/Manifest.lock\" > /dev/null\nif [ $? != 0 ] ; then\n    # print error to STDERR\n    echo \"error: The sandbox is not in sync with the Podfile.lock. Run 'pod install' or update your CocoaPods installation.\" >&2\n    exit 1\nfi\n# This output is used by Xcode 'outputs' to avoid re-running this script phase.\necho \"SUCCESS\" > \"${SCRIPT_OUTPUT_FILE_0}\"\n";
			showEnvVarsInLog = 0;
		};
/* End PBXShellScriptBuildPhase section */

/* Begin PBXSourcesBuildPhase section */
		87E6FC062CCE2B8000B2DA3B /* Sources */ = {
			isa = PBXSourcesBuildPhase;
			buildActionMask = 2147483647;
			files = (
				DF7D99202CE122D70018E694 /* YamApp.swift in Sources */,
				870E3C4D2D4388860043DA00 /* AuthHeaderView.swift in Sources */,
				870E3C4E2D4388860043DA00 /* AuthButton.swift in Sources */,
				870E3C512D4388860043DA00 /* Label.swift in Sources */,
				8752B7022D464DF90017F2B8 /* FeedViewModel.swift in Sources */,
				870E3C522D4388860043DA00 /* AuthTextField.swift in Sources */,
				878E73F32D47B8A000D425F4 /* UserModel.swift in Sources */,
				870E3C8D2D4388D40043DA00 /* CreateEventModel.swift in Sources */,
				870E3C8E2D4388D40043DA00 /* SizePack.swift in Sources */,
				870E3C902D4388D40043DA00 /* EventModel.swift in Sources */,
				87DAF8C22D4E74DA00C8C550 /* FontManager.swift in Sources */,
				8752B6F82D455A710017F2B8 /* CreateEventPlaceMap.swift in Sources */,
				87FC48442D52089600F6D8CC /* CreateEventVStack.swift in Sources */,
				87BA690A2D498302008DF823 /* UIViewController.swift in Sources */,
				870E3C912D4388D40043DA00 /* EntryView.swift in Sources */,
				870E3C922D4388D40043DA00 /* KeyboardObserver.swift in Sources */,
				8752B70A2D46924F0017F2B8 /* YamMappin.swift in Sources */,
				870E3C942D4388D40043DA00 /* EventComponents.swift in Sources */,
				879F2C092D46EF2A0027E46D /* EventLocationView.swift in Sources */,
				870E3C952D4388D40043DA00 /* ColorPack.swift in Sources */,
				878432E62D512A1500A24538 /* CreateEventImagePicker.swift in Sources */,
				87B47A8F2D58B500007AA252 /* CornerRadius.swift in Sources */,
				870E3C982D4388D40043DA00 /* LocationServicesStatusManager.swift in Sources */,
				87CEE3152D595453005D3375 /* Delme.swift in Sources */,
				870E3C992D4388D40043DA00 /* EventsView.swift in Sources */,
				878432E42D5129E500A24538 /* CreateEventHeader.swift in Sources */,
				87B47A912D58E9DF007AA252 /* YamCloseScreenButton.swift in Sources */,
				870E3C9A2D4388D40043DA00 /* YamWhiteText.swift in Sources */,
				870E3C9B2D4388D40043DA00 /* GradientLoader.swift in Sources */,
				8752B6FC2D4568FB0017F2B8 /* Emoji.swift in Sources */,
				870E3C9C2D4388D40043DA00 /* CreateEventPlaceView.swift in Sources */,
				870E3C9D2D4388D40043DA00 /* TabBarView.swift in Sources */,
				8752B7042D464E370017F2B8 /* FeedModel.swift in Sources */,
				879F2C002D46E20C0027E46D /* PlaceHandler.swift in Sources */,
				87BA68F82D494F8F008DF823 /* CLLocationCoordinate2D.swift in Sources */,
				870E3C9F2D4388D40043DA00 /* FeedView.swift in Sources */,
				87E54DB52D44F81300693B96 /* PlaceModel.swift in Sources */,
				8752B6FE2D457F930017F2B8 /* DateModel.swift in Sources */,
				870E3CA02D4388D40043DA00 /* GradientImage.swift in Sources */,
				870E3CA12D4388D40043DA00 /* GradientPack.swift in Sources */,
				870E3CA22D4388D40043DA00 /* EventCard.swift in Sources */,
				87BD45332D515BD0001B8E1B /* CreateEventPlacePicker.swift in Sources */,
				879F2BFE2D46CE7F0027E46D /* DateConverter.swift in Sources */,
				870E3CA32D4388D40043DA00 /* YamCapsuleLabel.swift in Sources */,
				8752B7062D468D3E0017F2B8 /* YamImage.swift in Sources */,
				870E3CA52D4388D40043DA00 /* CreateEventTextField.swift in Sources */,
				870E3CA62D4388D40043DA00 /* CreateEventViewModel.swift in Sources */,
				870E3CA82D4388D40043DA00 /* MapView.swift in Sources */,
				870E3CA92D4388D40043DA00 /* CreateEventDatePicker.swift in Sources */,
				87BA69142D498510008DF823 /* Locales.swift in Sources */,
				870E3CAA2D4388D40043DA00 /* DetailedInfoView.swift in Sources */,
				870E3CAB2D4388D40043DA00 /* TempDatabase.swift in Sources */,
				870E3CAC2D4388D40043DA00 /* CreateEventView.swift in Sources */,
				870E3CAD2D4388D40043DA00 /* LoginScreenIntegrator.swift in Sources */,
				870E3C442D4388010043DA00 /* RegisterViewController.swift in Sources */,
				870E3C452D4388010043DA00 /* LoginViewController.swift in Sources */,
				879B8A8E2D4BB81000DB28CC /* DisabledLocationServicesView.swift in Sources */,
			);
			runOnlyForDeploymentPostprocessing = 0;
		};
/* End PBXSourcesBuildPhase section */

/* Begin XCBuildConfiguration section */
		87E6FC162CCE2B8200B2DA3B /* Debug */ = {
			isa = XCBuildConfiguration;
			buildSettings = {
				ALWAYS_SEARCH_USER_PATHS = NO;
				ASSETCATALOG_COMPILER_GENERATE_SWIFT_ASSET_SYMBOL_EXTENSIONS = YES;
				CLANG_ANALYZER_NONNULL = YES;
				CLANG_ANALYZER_NUMBER_OBJECT_CONVERSION = YES_AGGRESSIVE;
				CLANG_CXX_LANGUAGE_STANDARD = "gnu++20";
				CLANG_ENABLE_MODULES = YES;
				CLANG_ENABLE_OBJC_ARC = YES;
				CLANG_ENABLE_OBJC_WEAK = YES;
				CLANG_WARN_BLOCK_CAPTURE_AUTORELEASING = YES;
				CLANG_WARN_BOOL_CONVERSION = YES;
				CLANG_WARN_COMMA = YES;
				CLANG_WARN_CONSTANT_CONVERSION = YES;
				CLANG_WARN_DEPRECATED_OBJC_IMPLEMENTATIONS = YES;
				CLANG_WARN_DIRECT_OBJC_ISA_USAGE = YES_ERROR;
				CLANG_WARN_DOCUMENTATION_COMMENTS = YES;
				CLANG_WARN_EMPTY_BODY = YES;
				CLANG_WARN_ENUM_CONVERSION = YES;
				CLANG_WARN_INFINITE_RECURSION = YES;
				CLANG_WARN_INT_CONVERSION = YES;
				CLANG_WARN_NON_LITERAL_NULL_CONVERSION = YES;
				CLANG_WARN_OBJC_IMPLICIT_RETAIN_SELF = YES;
				CLANG_WARN_OBJC_LITERAL_CONVERSION = YES;
				CLANG_WARN_OBJC_ROOT_CLASS = YES_ERROR;
				CLANG_WARN_QUOTED_INCLUDE_IN_FRAMEWORK_HEADER = YES;
				CLANG_WARN_RANGE_LOOP_ANALYSIS = YES;
				CLANG_WARN_STRICT_PROTOTYPES = YES;
				CLANG_WARN_SUSPICIOUS_MOVE = YES;
				CLANG_WARN_UNGUARDED_AVAILABILITY = YES_AGGRESSIVE;
				CLANG_WARN_UNREACHABLE_CODE = YES;
				CLANG_WARN__DUPLICATE_METHOD_MATCH = YES;
				COPY_PHASE_STRIP = NO;
				DEBUG_INFORMATION_FORMAT = dwarf;
				ENABLE_STRICT_OBJC_MSGSEND = YES;
				ENABLE_TESTABILITY = YES;
				ENABLE_USER_SCRIPT_SANDBOXING = YES;
				GCC_C_LANGUAGE_STANDARD = gnu17;
				GCC_DYNAMIC_NO_PIC = NO;
				GCC_NO_COMMON_BLOCKS = YES;
				GCC_OPTIMIZATION_LEVEL = 0;
				GCC_PREPROCESSOR_DEFINITIONS = (
					"DEBUG=1",
					"$(inherited)",
				);
				GCC_WARN_64_TO_32_BIT_CONVERSION = YES;
				GCC_WARN_ABOUT_RETURN_TYPE = YES_ERROR;
				GCC_WARN_UNDECLARED_SELECTOR = YES;
				GCC_WARN_UNINITIALIZED_AUTOS = YES_AGGRESSIVE;
				GCC_WARN_UNUSED_FUNCTION = YES;
				GCC_WARN_UNUSED_VARIABLE = YES;
				IPHONEOS_DEPLOYMENT_TARGET = 16.0;
				LOCALIZATION_PREFERS_STRING_CATALOGS = YES;
				MTL_ENABLE_DEBUG_INFO = INCLUDE_SOURCE;
				MTL_FAST_MATH = YES;
				ONLY_ACTIVE_ARCH = YES;
				SDKROOT = iphoneos;
				SWIFT_ACTIVE_COMPILATION_CONDITIONS = "DEBUG $(inherited)";
				SWIFT_OPTIMIZATION_LEVEL = "-Onone";
			};
			name = Debug;
		};
		87E6FC172CCE2B8200B2DA3B /* Release */ = {
			isa = XCBuildConfiguration;
			buildSettings = {
				ALWAYS_SEARCH_USER_PATHS = NO;
				ASSETCATALOG_COMPILER_GENERATE_SWIFT_ASSET_SYMBOL_EXTENSIONS = YES;
				CLANG_ANALYZER_NONNULL = YES;
				CLANG_ANALYZER_NUMBER_OBJECT_CONVERSION = YES_AGGRESSIVE;
				CLANG_CXX_LANGUAGE_STANDARD = "gnu++20";
				CLANG_ENABLE_MODULES = YES;
				CLANG_ENABLE_OBJC_ARC = YES;
				CLANG_ENABLE_OBJC_WEAK = YES;
				CLANG_WARN_BLOCK_CAPTURE_AUTORELEASING = YES;
				CLANG_WARN_BOOL_CONVERSION = YES;
				CLANG_WARN_COMMA = YES;
				CLANG_WARN_CONSTANT_CONVERSION = YES;
				CLANG_WARN_DEPRECATED_OBJC_IMPLEMENTATIONS = YES;
				CLANG_WARN_DIRECT_OBJC_ISA_USAGE = YES_ERROR;
				CLANG_WARN_DOCUMENTATION_COMMENTS = YES;
				CLANG_WARN_EMPTY_BODY = YES;
				CLANG_WARN_ENUM_CONVERSION = YES;
				CLANG_WARN_INFINITE_RECURSION = YES;
				CLANG_WARN_INT_CONVERSION = YES;
				CLANG_WARN_NON_LITERAL_NULL_CONVERSION = YES;
				CLANG_WARN_OBJC_IMPLICIT_RETAIN_SELF = YES;
				CLANG_WARN_OBJC_LITERAL_CONVERSION = YES;
				CLANG_WARN_OBJC_ROOT_CLASS = YES_ERROR;
				CLANG_WARN_QUOTED_INCLUDE_IN_FRAMEWORK_HEADER = YES;
				CLANG_WARN_RANGE_LOOP_ANALYSIS = YES;
				CLANG_WARN_STRICT_PROTOTYPES = YES;
				CLANG_WARN_SUSPICIOUS_MOVE = YES;
				CLANG_WARN_UNGUARDED_AVAILABILITY = YES_AGGRESSIVE;
				CLANG_WARN_UNREACHABLE_CODE = YES;
				CLANG_WARN__DUPLICATE_METHOD_MATCH = YES;
				COPY_PHASE_STRIP = NO;
				DEBUG_INFORMATION_FORMAT = "dwarf-with-dsym";
				ENABLE_NS_ASSERTIONS = NO;
				ENABLE_STRICT_OBJC_MSGSEND = YES;
				ENABLE_USER_SCRIPT_SANDBOXING = YES;
				GCC_C_LANGUAGE_STANDARD = gnu17;
				GCC_NO_COMMON_BLOCKS = YES;
				GCC_WARN_64_TO_32_BIT_CONVERSION = YES;
				GCC_WARN_ABOUT_RETURN_TYPE = YES_ERROR;
				GCC_WARN_UNDECLARED_SELECTOR = YES;
				GCC_WARN_UNINITIALIZED_AUTOS = YES_AGGRESSIVE;
				GCC_WARN_UNUSED_FUNCTION = YES;
				GCC_WARN_UNUSED_VARIABLE = YES;
				IPHONEOS_DEPLOYMENT_TARGET = 16.0;
				LOCALIZATION_PREFERS_STRING_CATALOGS = YES;
				MTL_ENABLE_DEBUG_INFO = NO;
				MTL_FAST_MATH = YES;
				SDKROOT = iphoneos;
				SWIFT_COMPILATION_MODE = wholemodule;
				VALIDATE_PRODUCT = YES;
			};
			name = Release;
		};
		87E6FC192CCE2B8200B2DA3B /* Debug */ = {
			isa = XCBuildConfiguration;
			baseConfigurationReference = 680A204F62F25B52140BAEA1 /* Pods-Yam.debug.xcconfig */;
			buildSettings = {
				ASSETCATALOG_COMPILER_APPICON_NAME = AppIcon;
				ASSETCATALOG_COMPILER_GLOBAL_ACCENT_COLOR_NAME = AccentColor;
				CODE_SIGN_STYLE = Automatic;
				CURRENT_PROJECT_VERSION = 1;
				DEVELOPMENT_ASSET_PATHS = "\"Yam/Core/Preview Content\"";
				DEVELOPMENT_TEAM = FP582B2GU2;
				ENABLE_PREVIEWS = YES;
				ENABLE_USER_SCRIPT_SANDBOXING = NO;
				GENERATE_INFOPLIST_FILE = YES;
				INFOPLIST_FILE = Yam/Info.plist;
				INFOPLIST_KEY_NSLocationWhenInUseUsageDescription = "Enable location services";
				INFOPLIST_KEY_UIApplicationSceneManifest_Generation = YES;
				INFOPLIST_KEY_UIApplicationSupportsIndirectInputEvents = YES;
				INFOPLIST_KEY_UILaunchScreen_Generation = YES;
				INFOPLIST_KEY_UISupportedInterfaceOrientations = UIInterfaceOrientationPortrait;
				INFOPLIST_KEY_UISupportedInterfaceOrientations_iPad = "UIInterfaceOrientationLandscapeLeft UIInterfaceOrientationLandscapeRight UIInterfaceOrientationPortrait UIInterfaceOrientationPortraitUpsideDown";
				INFOPLIST_KEY_UIUserInterfaceStyle = Dark;
				IPHONEOS_DEPLOYMENT_TARGET = 17.6;
				LD_RUNPATH_SEARCH_PATHS = (
					"$(inherited)",
					"@executable_path/Frameworks",
				);
				MARKETING_VERSION = 1.0;
				PRODUCT_BUNDLE_IDENTIFIER = com.ilyansky.Yam;
				PRODUCT_NAME = "$(TARGET_NAME)";
				SUPPORTED_PLATFORMS = "iphoneos iphonesimulator";
				SUPPORTS_MACCATALYST = NO;
				SUPPORTS_MAC_DESIGNED_FOR_IPHONE_IPAD = NO;
				SUPPORTS_XR_DESIGNED_FOR_IPHONE_IPAD = NO;
				SWIFT_EMIT_LOC_STRINGS = YES;
				SWIFT_VERSION = 5.0;
				TARGETED_DEVICE_FAMILY = 1;
			};
			name = Debug;
		};
		87E6FC1A2CCE2B8200B2DA3B /* Release */ = {
			isa = XCBuildConfiguration;
			baseConfigurationReference = 961E57A55203F9FD8BA41608 /* Pods-Yam.release.xcconfig */;
			buildSettings = {
				ASSETCATALOG_COMPILER_APPICON_NAME = AppIcon;
				ASSETCATALOG_COMPILER_GLOBAL_ACCENT_COLOR_NAME = AccentColor;
				CODE_SIGN_STYLE = Automatic;
				CURRENT_PROJECT_VERSION = 1;
				DEVELOPMENT_ASSET_PATHS = "\"Yam/Core/Preview Content\"";
				DEVELOPMENT_TEAM = FP582B2GU2;
				ENABLE_PREVIEWS = YES;
				ENABLE_USER_SCRIPT_SANDBOXING = NO;
				GENERATE_INFOPLIST_FILE = YES;
				INFOPLIST_FILE = Yam/Info.plist;
				INFOPLIST_KEY_NSLocationWhenInUseUsageDescription = "Enable location services";
				INFOPLIST_KEY_UIApplicationSceneManifest_Generation = YES;
				INFOPLIST_KEY_UIApplicationSupportsIndirectInputEvents = YES;
				INFOPLIST_KEY_UILaunchScreen_Generation = YES;
				INFOPLIST_KEY_UISupportedInterfaceOrientations = UIInterfaceOrientationPortrait;
				INFOPLIST_KEY_UISupportedInterfaceOrientations_iPad = "UIInterfaceOrientationLandscapeLeft UIInterfaceOrientationLandscapeRight UIInterfaceOrientationPortrait UIInterfaceOrientationPortraitUpsideDown";
				INFOPLIST_KEY_UIUserInterfaceStyle = Dark;
				IPHONEOS_DEPLOYMENT_TARGET = 17.6;
				LD_RUNPATH_SEARCH_PATHS = (
					"$(inherited)",
					"@executable_path/Frameworks",
				);
				MARKETING_VERSION = 1.0;
				PRODUCT_BUNDLE_IDENTIFIER = com.ilyansky.Yam;
				PRODUCT_NAME = "$(TARGET_NAME)";
				SUPPORTED_PLATFORMS = "iphoneos iphonesimulator";
				SUPPORTS_MACCATALYST = NO;
				SUPPORTS_MAC_DESIGNED_FOR_IPHONE_IPAD = NO;
				SUPPORTS_XR_DESIGNED_FOR_IPHONE_IPAD = NO;
				SWIFT_EMIT_LOC_STRINGS = YES;
				SWIFT_VERSION = 5.0;
				TARGETED_DEVICE_FAMILY = 1;
			};
			name = Release;
		};
/* End XCBuildConfiguration section */

/* Begin XCConfigurationList section */
		87E6FC052CCE2B8000B2DA3B /* Build configuration list for PBXProject "Yam" */ = {
			isa = XCConfigurationList;
			buildConfigurations = (
				87E6FC162CCE2B8200B2DA3B /* Debug */,
				87E6FC172CCE2B8200B2DA3B /* Release */,
			);
			defaultConfigurationIsVisible = 0;
			defaultConfigurationName = Release;
		};
		87E6FC182CCE2B8200B2DA3B /* Build configuration list for PBXNativeTarget "Yam" */ = {
			isa = XCConfigurationList;
			buildConfigurations = (
				87E6FC192CCE2B8200B2DA3B /* Debug */,
				87E6FC1A2CCE2B8200B2DA3B /* Release */,
			);
			defaultConfigurationIsVisible = 0;
			defaultConfigurationName = Release;
		};
/* End XCConfigurationList section */
	};
	rootObject = 87E6FC022CCE2B8000B2DA3B /* Project object */;
}
