// !$*UTF8*$!
{
	archiveVersion = 1;
	classes = {
	};
	objectVersion = 56;
	objects = {

/* Begin PBXBuildFile section */
		870E3C442D4388010043DA00 /* RegisterViewController.swift in Sources */ = {isa = PBXBuildFile; fileRef = 870E3C422D4388010043DA00 /* RegisterViewController.swift */; };
		870E3C452D4388010043DA00 /* LoginViewController.swift in Sources */ = {isa = PBXBuildFile; fileRef = 870E3C412D4388010043DA00 /* LoginViewController.swift */; };
		870E3C4D2D4388860043DA00 /* AuthHeaderView.swift in Sources */ = {isa = PBXBuildFile; fileRef = 870E3C472D4388860043DA00 /* AuthHeaderView.swift */; };
		870E3C4E2D4388860043DA00 /* AuthButton.swift in Sources */ = {isa = PBXBuildFile; fileRef = 870E3C462D4388860043DA00 /* AuthButton.swift */; };
		870E3C512D4388860043DA00 /* Label.swift in Sources */ = {isa = PBXBuildFile; fileRef = 870E3C4A2D4388860043DA00 /* Label.swift */; };
		870E3C522D4388860043DA00 /* AuthTextField.swift in Sources */ = {isa = PBXBuildFile; fileRef = 870E3C482D4388860043DA00 /* AuthTextField.swift */; };
		870E3C8D2D4388D40043DA00 /* MakeEventModel.swift in Sources */ = {isa = PBXBuildFile; fileRef = 870E3C592D4388D40043DA00 /* MakeEventModel.swift */; };
		870E3C8E2D4388D40043DA00 /* EntryConst.swift in Sources */ = {isa = PBXBuildFile; fileRef = 870E3C862D4388D40043DA00 /* EntryConst.swift */; };
		870E3C902D4388D40043DA00 /* Event.swift in Sources */ = {isa = PBXBuildFile; fileRef = 870E3C672D4388D40043DA00 /* Event.swift */; };
		870E3C912D4388D40043DA00 /* EntryView.swift in Sources */ = {isa = PBXBuildFile; fileRef = 870E3C792D4388D40043DA00 /* EntryView.swift */; };
		870E3C942D4388D40043DA00 /* EventComponents.swift in Sources */ = {isa = PBXBuildFile; fileRef = 870E3C6C2D4388D40043DA00 /* EventComponents.swift */; };
		870E3C952D4388D40043DA00 /* Colors.swift in Sources */ = {isa = PBXBuildFile; fileRef = 870E3C872D4388D40043DA00 /* Colors.swift */; };
		870E3C982D4388D40043DA00 /* LocationServicesStatusManager.swift in Sources */ = {isa = PBXBuildFile; fileRef = 870E3C7B2D4388D40043DA00 /* LocationServicesStatusManager.swift */; };
		870E3C992D4388D40043DA00 /* EventsView.swift in Sources */ = {isa = PBXBuildFile; fileRef = 870E3C6D2D4388D40043DA00 /* EventsView.swift */; };
		870E3C9A2D4388D40043DA00 /* YText.swift in Sources */ = {isa = PBXBuildFile; fileRef = 870E3C5F2D4388D40043DA00 /* YText.swift */; };
		870E3C9B2D4388D40043DA00 /* GradientLoader.swift in Sources */ = {isa = PBXBuildFile; fileRef = 870E3C552D4388D40043DA00 /* GradientLoader.swift */; };
		870E3C9C2D4388D40043DA00 /* MakeEventPlaceView.swift in Sources */ = {isa = PBXBuildFile; fileRef = 870E3C5D2D4388D40043DA00 /* MakeEventPlaceView.swift */; };
		870E3C9F2D4388D40043DA00 /* FeedView.swift in Sources */ = {isa = PBXBuildFile; fileRef = 870E3C742D4388D40043DA00 /* FeedView.swift */; };
		870E3CA02D4388D40043DA00 /* GradientImage.swift in Sources */ = {isa = PBXBuildFile; fileRef = 870E3C532D4388D40043DA00 /* GradientImage.swift */; };
		870E3CA12D4388D40043DA00 /* Gradients.swift in Sources */ = {isa = PBXBuildFile; fileRef = 870E3C892D4388D40043DA00 /* Gradients.swift */; };
		870E3CA22D4388D40043DA00 /* EventCard2.swift in Sources */ = {isa = PBXBuildFile; fileRef = 870E3C6B2D4388D40043DA00 /* EventCard2.swift */; };
		870E3CA32D4388D40043DA00 /* YCapsuleLabel.swift in Sources */ = {isa = PBXBuildFile; fileRef = 870E3C542D4388D40043DA00 /* YCapsuleLabel.swift */; };
		870E3CA52D4388D40043DA00 /* MakeEventTextField.swift in Sources */ = {isa = PBXBuildFile; fileRef = 870E3C602D4388D40043DA00 /* MakeEventTextField.swift */; };
		870E3CA62D4388D40043DA00 /* MakeEventViewModel.swift in Sources */ = {isa = PBXBuildFile; fileRef = 870E3C632D4388D40043DA00 /* MakeEventViewModel.swift */; };
		870E3CA82D4388D40043DA00 /* MapView.swift in Sources */ = {isa = PBXBuildFile; fileRef = 870E3C7F2D4388D40043DA00 /* MapView.swift */; };
		870E3CA92D4388D40043DA00 /* MakeEventDatePicker.swift in Sources */ = {isa = PBXBuildFile; fileRef = 870E3C5E2D4388D40043DA00 /* MakeEventDatePicker.swift */; };
		870E3CAA2D4388D40043DA00 /* DetailedInfoView.swift in Sources */ = {isa = PBXBuildFile; fileRef = 870E3C6A2D4388D40043DA00 /* DetailedInfoView.swift */; };
		870E3CAB2D4388D40043DA00 /* TempDatabase.swift in Sources */ = {isa = PBXBuildFile; fileRef = 870E3C8B2D4388D40043DA00 /* TempDatabase.swift */; };
		870E3CAC2D4388D40043DA00 /* MakeEventView.swift in Sources */ = {isa = PBXBuildFile; fileRef = 870E3C612D4388D40043DA00 /* MakeEventView.swift */; };
		870E3CAD2D4388D40043DA00 /* LoginScreenIntegrator.swift in Sources */ = {isa = PBXBuildFile; fileRef = 870E3C562D4388D40043DA00 /* LoginScreenIntegrator.swift */; };
		870E3CAE2D4388D40043DA00 /* Preview Assets.xcassets in Resources */ = {isa = PBXBuildFile; fileRef = 870E3C832D4388D40043DA00 /* Preview Assets.xcassets */; };
		870E3CAF2D4388D40043DA00 /* Assets.xcassets in Resources */ = {isa = PBXBuildFile; fileRef = 870E3C852D4388D40043DA00 /* Assets.xcassets */; };
		873054412D5A9B82003D6726 /* ProfileView.swift in Sources */ = {isa = PBXBuildFile; fileRef = 873054402D5A9B82003D6726 /* ProfileView.swift */; };
		87336F4B2D7C329F00BD699A /* Const.swift in Sources */ = {isa = PBXBuildFile; fileRef = 87336F4A2D7C329F00BD699A /* Const.swift */; };
		87336F542D7C39AC00BD699A /* EntryViewModel.swift in Sources */ = {isa = PBXBuildFile; fileRef = 87336F532D7C39AB00BD699A /* EntryViewModel.swift */; };
		87336F572D7C3A5900BD699A /* EntryTab.swift in Sources */ = {isa = PBXBuildFile; fileRef = 87336F562D7C3A5900BD699A /* EntryTab.swift */; };
		87336F5F2D7C4BBD00BD699A /* ProfileViewModel.swift in Sources */ = {isa = PBXBuildFile; fileRef = 87336F5E2D7C4BBD00BD699A /* ProfileViewModel.swift */; };
		87336F612D7C51A600BD699A /* ProfileConst.swift in Sources */ = {isa = PBXBuildFile; fileRef = 87336F602D7C51A600BD699A /* ProfileConst.swift */; };
		87336F8F2D7C978B00BD699A /* MakeEventConst.swift in Sources */ = {isa = PBXBuildFile; fileRef = 87336F8E2D7C978B00BD699A /* MakeEventConst.swift */; };
		87336F952D7DCA8700BD699A /* YCircleButton.swift in Sources */ = {isa = PBXBuildFile; fileRef = 87336F942D7DCA8700BD699A /* YCircleButton.swift */; };
		87336F972D7DCF2B00BD699A /* C.swift in Sources */ = {isa = PBXBuildFile; fileRef = 87336F962D7DCF2B00BD699A /* C.swift */; };
		87336F9B2D7E33DD00BD699A /* trash.swift in Sources */ = {isa = PBXBuildFile; fileRef = 87336F9A2D7E33DD00BD699A /* trash.swift */; };
		87336F9D2D7E960C00BD699A /* YEventCard.swift in Sources */ = {isa = PBXBuildFile; fileRef = 87336F9C2D7E960C00BD699A /* YEventCard.swift */; };
		87336F9F2D7ED82200BD699A /* ProfileVStack.swift in Sources */ = {isa = PBXBuildFile; fileRef = 87336F9E2D7ED82200BD699A /* ProfileVStack.swift */; };
		87336FA32D7F45F300BD699A /* ProfileTopTabBar.swift in Sources */ = {isa = PBXBuildFile; fileRef = 87336FA22D7F45F300BD699A /* ProfileTopTabBar.swift */; };
		87336FA72D7F56A800BD699A /* ProfileTab.swift in Sources */ = {isa = PBXBuildFile; fileRef = 87336FA62D7F56A800BD699A /* ProfileTab.swift */; };
		87336FAD2D7F6B7F00BD699A /* Seats.swift in Sources */ = {isa = PBXBuildFile; fileRef = 87336FAC2D7F6B7F00BD699A /* Seats.swift */; };
		87336FAF2D7F6CE000BD699A /* EventLocationConst.swift in Sources */ = {isa = PBXBuildFile; fileRef = 87336FAE2D7F6CE000BD699A /* EventLocationConst.swift */; };
		8752B6F82D455A710017F2B8 /* MakeEventPlaceMap.swift in Sources */ = {isa = PBXBuildFile; fileRef = 8752B6F72D455A710017F2B8 /* MakeEventPlaceMap.swift */; };
		8752B6FC2D4568FB0017F2B8 /* Emoji.swift in Sources */ = {isa = PBXBuildFile; fileRef = 8752B6FB2D4568FB0017F2B8 /* Emoji.swift */; };
		8752B7022D464DF90017F2B8 /* FeedViewModel.swift in Sources */ = {isa = PBXBuildFile; fileRef = 8752B7012D464DF90017F2B8 /* FeedViewModel.swift */; };
		8752B7042D464E370017F2B8 /* FeedModel.swift in Sources */ = {isa = PBXBuildFile; fileRef = 8752B7032D464E370017F2B8 /* FeedModel.swift */; };
		8752B7062D468D3E0017F2B8 /* YImage.swift in Sources */ = {isa = PBXBuildFile; fileRef = 8752B7052D468D3E0017F2B8 /* YImage.swift */; };
		876084C22D7A37B500195B68 /* EntryTabBar.swift in Sources */ = {isa = PBXBuildFile; fileRef = 876084C12D7A37B500195B68 /* EntryTabBar.swift */; };
		878432E62D512A1500A24538 /* MakeEventImagePicker.swift in Sources */ = {isa = PBXBuildFile; fileRef = 878432E52D512A1500A24538 /* MakeEventImagePicker.swift */; };
		878E73F32D47B8A000D425F4 /* UserModel.swift in Sources */ = {isa = PBXBuildFile; fileRef = 878E73F22D47B8A000D425F4 /* UserModel.swift */; };
		879ADAFF2D80A18400F43C04 /* LocationHandler.swift in Sources */ = {isa = PBXBuildFile; fileRef = 879ADAFE2D80A18400F43C04 /* LocationHandler.swift */; };
		879ADB012D80AF2600F43C04 /* YSquareButton.swift in Sources */ = {isa = PBXBuildFile; fileRef = 879ADB002D80AF2600F43C04 /* YSquareButton.swift */; };
		879B8A8E2D4BB81000DB28CC /* DisabledLocationServicesView.swift in Sources */ = {isa = PBXBuildFile; fileRef = 879B8A8D2D4BB81000DB28CC /* DisabledLocationServicesView.swift */; };
		879F2C002D46E20C0027E46D /* GeopointHandler.swift in Sources */ = {isa = PBXBuildFile; fileRef = 879F2BFF2D46E20C0027E46D /* GeopointHandler.swift */; };
		879F2C092D46EF2A0027E46D /* EventLocationView.swift in Sources */ = {isa = PBXBuildFile; fileRef = 879F2C082D46EF2A0027E46D /* EventLocationView.swift */; };
		87B47A8F2D58B500007AA252 /* CornerRadius.swift in Sources */ = {isa = PBXBuildFile; fileRef = 87B47A8D2D58B500007AA252 /* CornerRadius.swift */; };
		87BA68F82D494F8F008DF823 /* CLLocationCoordinate2DExtension.swift in Sources */ = {isa = PBXBuildFile; fileRef = 87BA68F72D494F8F008DF823 /* CLLocationCoordinate2DExtension.swift */; };
		87BA690A2D498302008DF823 /* UIViewController.swift in Sources */ = {isa = PBXBuildFile; fileRef = 87BA69072D498302008DF823 /* UIViewController.swift */; };
		87BA69142D498510008DF823 /* Locales.swift in Sources */ = {isa = PBXBuildFile; fileRef = 87BA69122D498510008DF823 /* Locales.swift */; };
		87BD28552D5CA7F00085C05F /* Delme.swift in Sources */ = {isa = PBXBuildFile; fileRef = 87BD28542D5CA7F00085C05F /* Delme.swift */; };
		87BD45332D515BD0001B8E1B /* MakeEventPlacePicker.swift in Sources */ = {isa = PBXBuildFile; fileRef = 87BD45322D515BD0001B8E1B /* MakeEventPlacePicker.swift */; };
		87C6B69D2D809E6A00AECA90 /* EventLocationViewModel.swift in Sources */ = {isa = PBXBuildFile; fileRef = 87C6B69C2D809E6A00AECA90 /* EventLocationViewModel.swift */; };
		87DAF8C22D4E74DA00C8C550 /* FontManager.swift in Sources */ = {isa = PBXBuildFile; fileRef = 87DAF8C12D4E74DA00C8C550 /* FontManager.swift */; };
		87DAF8C82D4E775300C8C550 /* MontserratAlternates-Medium.ttf in Resources */ = {isa = PBXBuildFile; fileRef = 87DAF8C52D4E775300C8C550 /* MontserratAlternates-Medium.ttf */; };
		87DAF8C92D4E775300C8C550 /* MontserratAlternates-Regular.ttf in Resources */ = {isa = PBXBuildFile; fileRef = 87DAF8C62D4E775300C8C550 /* MontserratAlternates-Regular.ttf */; };
		87DAF8CA2D4E775300C8C550 /* MontserratAlternates-Bold.ttf in Resources */ = {isa = PBXBuildFile; fileRef = 87DAF8C32D4E775300C8C550 /* MontserratAlternates-Bold.ttf */; };
		87DAF8CB2D4E775300C8C550 /* MontserratAlternates-ExtraBold.ttf in Resources */ = {isa = PBXBuildFile; fileRef = 87DAF8C42D4E775300C8C550 /* MontserratAlternates-ExtraBold.ttf */; };
		87DAF8CC2D4E775300C8C550 /* MontserratAlternates-SemiBold.ttf in Resources */ = {isa = PBXBuildFile; fileRef = 87DAF8C72D4E775300C8C550 /* MontserratAlternates-SemiBold.ttf */; };
		87E197F92D821B6300742E7D /* Place.swift in Sources */ = {isa = PBXBuildFile; fileRef = 87E197F82D821B6300742E7D /* Place.swift */; };
		87FC48442D52089600F6D8CC /* MakeEventVStack.swift in Sources */ = {isa = PBXBuildFile; fileRef = 87FC48432D52089600F6D8CC /* MakeEventVStack.swift */; };
		87FDD9352D82F25700C2B5EC /* YEventCardProtocol.swift in Sources */ = {isa = PBXBuildFile; fileRef = 87FDD9342D82F25700C2B5EC /* YEventCardProtocol.swift */; };
		87FDD9372D82F5D500C2B5EC /* DateHandler.swift in Sources */ = {isa = PBXBuildFile; fileRef = 87FDD9362D82F5D500C2B5EC /* DateHandler.swift */; };
		87FDD9392D82F73400C2B5EC /* EventHandler.swift in Sources */ = {isa = PBXBuildFile; fileRef = 87FDD9382D82F73400C2B5EC /* EventHandler.swift */; };
		87FDD93B2D83471100C2B5EC /* MapViewModel.swift in Sources */ = {isa = PBXBuildFile; fileRef = 87FDD93A2D83471100C2B5EC /* MapViewModel.swift */; };
		DF7D99202CE122D70018E694 /* YamApp.swift in Sources */ = {isa = PBXBuildFile; fileRef = DF7D991B2CE122D70018E694 /* YamApp.swift */; };
/* End PBXBuildFile section */

/* Begin PBXFileReference section */
		870E3C412D4388010043DA00 /* LoginViewController.swift */ = {isa = PBXFileReference; lastKnownFileType = sourcecode.swift; path = LoginViewController.swift; sourceTree = "<group>"; };
		870E3C422D4388010043DA00 /* RegisterViewController.swift */ = {isa = PBXFileReference; lastKnownFileType = sourcecode.swift; path = RegisterViewController.swift; sourceTree = "<group>"; };
		870E3C462D4388860043DA00 /* AuthButton.swift */ = {isa = PBXFileReference; lastKnownFileType = sourcecode.swift; path = AuthButton.swift; sourceTree = "<group>"; };
		870E3C472D4388860043DA00 /* AuthHeaderView.swift */ = {isa = PBXFileReference; lastKnownFileType = sourcecode.swift; path = AuthHeaderView.swift; sourceTree = "<group>"; };
		870E3C482D4388860043DA00 /* AuthTextField.swift */ = {isa = PBXFileReference; lastKnownFileType = sourcecode.swift; path = AuthTextField.swift; sourceTree = "<group>"; };
		870E3C4A2D4388860043DA00 /* Label.swift */ = {isa = PBXFileReference; lastKnownFileType = sourcecode.swift; path = Label.swift; sourceTree = "<group>"; };
		870E3C532D4388D40043DA00 /* GradientImage.swift */ = {isa = PBXFileReference; lastKnownFileType = sourcecode.swift; path = GradientImage.swift; sourceTree = "<group>"; };
		870E3C542D4388D40043DA00 /* YCapsuleLabel.swift */ = {isa = PBXFileReference; lastKnownFileType = sourcecode.swift; path = YCapsuleLabel.swift; sourceTree = "<group>"; };
		870E3C552D4388D40043DA00 /* GradientLoader.swift */ = {isa = PBXFileReference; lastKnownFileType = sourcecode.swift; path = GradientLoader.swift; sourceTree = "<group>"; };
		870E3C562D4388D40043DA00 /* LoginScreenIntegrator.swift */ = {isa = PBXFileReference; lastKnownFileType = sourcecode.swift; path = LoginScreenIntegrator.swift; sourceTree = "<group>"; };
		870E3C592D4388D40043DA00 /* MakeEventModel.swift */ = {isa = PBXFileReference; lastKnownFileType = sourcecode.swift; path = MakeEventModel.swift; sourceTree = "<group>"; };
		870E3C5D2D4388D40043DA00 /* MakeEventPlaceView.swift */ = {isa = PBXFileReference; lastKnownFileType = sourcecode.swift; path = MakeEventPlaceView.swift; sourceTree = "<group>"; };
		870E3C5E2D4388D40043DA00 /* MakeEventDatePicker.swift */ = {isa = PBXFileReference; lastKnownFileType = sourcecode.swift; path = MakeEventDatePicker.swift; sourceTree = "<group>"; };
		870E3C5F2D4388D40043DA00 /* YText.swift */ = {isa = PBXFileReference; lastKnownFileType = sourcecode.swift; path = YText.swift; sourceTree = "<group>"; };
		870E3C602D4388D40043DA00 /* MakeEventTextField.swift */ = {isa = PBXFileReference; lastKnownFileType = sourcecode.swift; path = MakeEventTextField.swift; sourceTree = "<group>"; };
		870E3C612D4388D40043DA00 /* MakeEventView.swift */ = {isa = PBXFileReference; lastKnownFileType = sourcecode.swift; path = MakeEventView.swift; sourceTree = "<group>"; };
		870E3C632D4388D40043DA00 /* MakeEventViewModel.swift */ = {isa = PBXFileReference; lastKnownFileType = sourcecode.swift; path = MakeEventViewModel.swift; sourceTree = "<group>"; };
		870E3C672D4388D40043DA00 /* Event.swift */ = {isa = PBXFileReference; lastKnownFileType = sourcecode.swift; path = Event.swift; sourceTree = "<group>"; };
		870E3C6A2D4388D40043DA00 /* DetailedInfoView.swift */ = {isa = PBXFileReference; lastKnownFileType = sourcecode.swift; path = DetailedInfoView.swift; sourceTree = "<group>"; };
		870E3C6B2D4388D40043DA00 /* EventCard2.swift */ = {isa = PBXFileReference; lastKnownFileType = sourcecode.swift; path = EventCard2.swift; sourceTree = "<group>"; };
		870E3C6C2D4388D40043DA00 /* EventComponents.swift */ = {isa = PBXFileReference; lastKnownFileType = sourcecode.swift; path = EventComponents.swift; sourceTree = "<group>"; };
		870E3C6D2D4388D40043DA00 /* EventsView.swift */ = {isa = PBXFileReference; lastKnownFileType = sourcecode.swift; path = EventsView.swift; sourceTree = "<group>"; };
		870E3C742D4388D40043DA00 /* FeedView.swift */ = {isa = PBXFileReference; lastKnownFileType = sourcecode.swift; path = FeedView.swift; sourceTree = "<group>"; };
		870E3C792D4388D40043DA00 /* EntryView.swift */ = {isa = PBXFileReference; lastKnownFileType = sourcecode.swift; path = EntryView.swift; sourceTree = "<group>"; };
		870E3C7B2D4388D40043DA00 /* LocationServicesStatusManager.swift */ = {isa = PBXFileReference; lastKnownFileType = sourcecode.swift; path = LocationServicesStatusManager.swift; sourceTree = "<group>"; };
		870E3C7F2D4388D40043DA00 /* MapView.swift */ = {isa = PBXFileReference; lastKnownFileType = sourcecode.swift; path = MapView.swift; sourceTree = "<group>"; };
		870E3C832D4388D40043DA00 /* Preview Assets.xcassets */ = {isa = PBXFileReference; lastKnownFileType = folder.assetcatalog; path = "Preview Assets.xcassets"; sourceTree = "<group>"; };
		870E3C852D4388D40043DA00 /* Assets.xcassets */ = {isa = PBXFileReference; lastKnownFileType = folder.assetcatalog; path = Assets.xcassets; sourceTree = "<group>"; };
		870E3C862D4388D40043DA00 /* EntryConst.swift */ = {isa = PBXFileReference; lastKnownFileType = sourcecode.swift; path = EntryConst.swift; sourceTree = "<group>"; };
		870E3C872D4388D40043DA00 /* Colors.swift */ = {isa = PBXFileReference; lastKnownFileType = sourcecode.swift; path = Colors.swift; sourceTree = "<group>"; };
		870E3C892D4388D40043DA00 /* Gradients.swift */ = {isa = PBXFileReference; lastKnownFileType = sourcecode.swift; path = Gradients.swift; sourceTree = "<group>"; };
		870E3C8B2D4388D40043DA00 /* TempDatabase.swift */ = {isa = PBXFileReference; lastKnownFileType = sourcecode.swift; path = TempDatabase.swift; sourceTree = "<group>"; };
		873054402D5A9B82003D6726 /* ProfileView.swift */ = {isa = PBXFileReference; lastKnownFileType = sourcecode.swift; path = ProfileView.swift; sourceTree = "<group>"; };
		87336F4A2D7C329F00BD699A /* Const.swift */ = {isa = PBXFileReference; lastKnownFileType = sourcecode.swift; path = Const.swift; sourceTree = "<group>"; };
		87336F532D7C39AB00BD699A /* EntryViewModel.swift */ = {isa = PBXFileReference; lastKnownFileType = sourcecode.swift; path = EntryViewModel.swift; sourceTree = "<group>"; };
		87336F562D7C3A5900BD699A /* EntryTab.swift */ = {isa = PBXFileReference; lastKnownFileType = sourcecode.swift; path = EntryTab.swift; sourceTree = "<group>"; };
		87336F5E2D7C4BBD00BD699A /* ProfileViewModel.swift */ = {isa = PBXFileReference; lastKnownFileType = sourcecode.swift; path = ProfileViewModel.swift; sourceTree = "<group>"; };
		87336F602D7C51A600BD699A /* ProfileConst.swift */ = {isa = PBXFileReference; lastKnownFileType = sourcecode.swift; path = ProfileConst.swift; sourceTree = "<group>"; };
		87336F8E2D7C978B00BD699A /* MakeEventConst.swift */ = {isa = PBXFileReference; lastKnownFileType = sourcecode.swift; path = MakeEventConst.swift; sourceTree = "<group>"; };
		87336F942D7DCA8700BD699A /* YCircleButton.swift */ = {isa = PBXFileReference; lastKnownFileType = sourcecode.swift; path = YCircleButton.swift; sourceTree = "<group>"; };
		87336F962D7DCF2B00BD699A /* C.swift */ = {isa = PBXFileReference; lastKnownFileType = sourcecode.swift; path = C.swift; sourceTree = "<group>"; };
		87336F9A2D7E33DD00BD699A /* trash.swift */ = {isa = PBXFileReference; lastKnownFileType = sourcecode.swift; path = trash.swift; sourceTree = "<group>"; };
		87336F9C2D7E960C00BD699A /* YEventCard.swift */ = {isa = PBXFileReference; lastKnownFileType = sourcecode.swift; path = YEventCard.swift; sourceTree = "<group>"; };
		87336F9E2D7ED82200BD699A /* ProfileVStack.swift */ = {isa = PBXFileReference; lastKnownFileType = sourcecode.swift; path = ProfileVStack.swift; sourceTree = "<group>"; };
		87336FA22D7F45F300BD699A /* ProfileTopTabBar.swift */ = {isa = PBXFileReference; lastKnownFileType = sourcecode.swift; path = ProfileTopTabBar.swift; sourceTree = "<group>"; };
		87336FA62D7F56A800BD699A /* ProfileTab.swift */ = {isa = PBXFileReference; lastKnownFileType = sourcecode.swift; path = ProfileTab.swift; sourceTree = "<group>"; };
		87336FAC2D7F6B7F00BD699A /* Seats.swift */ = {isa = PBXFileReference; lastKnownFileType = sourcecode.swift; path = Seats.swift; sourceTree = "<group>"; };
		87336FAE2D7F6CE000BD699A /* EventLocationConst.swift */ = {isa = PBXFileReference; lastKnownFileType = sourcecode.swift; path = EventLocationConst.swift; sourceTree = "<group>"; };
		8752B6F72D455A710017F2B8 /* MakeEventPlaceMap.swift */ = {isa = PBXFileReference; lastKnownFileType = sourcecode.swift; path = MakeEventPlaceMap.swift; sourceTree = "<group>"; };
		8752B6FB2D4568FB0017F2B8 /* Emoji.swift */ = {isa = PBXFileReference; lastKnownFileType = sourcecode.swift; path = Emoji.swift; sourceTree = "<group>"; };
		8752B7012D464DF90017F2B8 /* FeedViewModel.swift */ = {isa = PBXFileReference; lastKnownFileType = sourcecode.swift; path = FeedViewModel.swift; sourceTree = "<group>"; };
		8752B7032D464E370017F2B8 /* FeedModel.swift */ = {isa = PBXFileReference; lastKnownFileType = sourcecode.swift; path = FeedModel.swift; sourceTree = "<group>"; };
		8752B7052D468D3E0017F2B8 /* YImage.swift */ = {isa = PBXFileReference; lastKnownFileType = sourcecode.swift; path = YImage.swift; sourceTree = "<group>"; };
		876084C12D7A37B500195B68 /* EntryTabBar.swift */ = {isa = PBXFileReference; lastKnownFileType = sourcecode.swift; path = EntryTabBar.swift; sourceTree = "<group>"; };
		878432E52D512A1500A24538 /* MakeEventImagePicker.swift */ = {isa = PBXFileReference; lastKnownFileType = sourcecode.swift; path = MakeEventImagePicker.swift; sourceTree = "<group>"; };
		878E73F22D47B8A000D425F4 /* UserModel.swift */ = {isa = PBXFileReference; lastKnownFileType = sourcecode.swift; path = UserModel.swift; sourceTree = "<group>"; };
		879ADAFE2D80A18400F43C04 /* LocationHandler.swift */ = {isa = PBXFileReference; lastKnownFileType = sourcecode.swift; path = LocationHandler.swift; sourceTree = "<group>"; };
		879ADB002D80AF2600F43C04 /* YSquareButton.swift */ = {isa = PBXFileReference; lastKnownFileType = sourcecode.swift; path = YSquareButton.swift; sourceTree = "<group>"; };
		879B8A8D2D4BB81000DB28CC /* DisabledLocationServicesView.swift */ = {isa = PBXFileReference; lastKnownFileType = sourcecode.swift; path = DisabledLocationServicesView.swift; sourceTree = "<group>"; };
		879F2BFF2D46E20C0027E46D /* GeopointHandler.swift */ = {isa = PBXFileReference; lastKnownFileType = sourcecode.swift; path = GeopointHandler.swift; sourceTree = "<group>"; };
		879F2C082D46EF2A0027E46D /* EventLocationView.swift */ = {isa = PBXFileReference; lastKnownFileType = sourcecode.swift; path = EventLocationView.swift; sourceTree = "<group>"; };
		87B47A8D2D58B500007AA252 /* CornerRadius.swift */ = {isa = PBXFileReference; lastKnownFileType = sourcecode.swift; path = CornerRadius.swift; sourceTree = "<group>"; };
		87BA68F72D494F8F008DF823 /* CLLocationCoordinate2DExtension.swift */ = {isa = PBXFileReference; lastKnownFileType = sourcecode.swift; path = CLLocationCoordinate2DExtension.swift; sourceTree = "<group>"; };
		87BA69072D498302008DF823 /* UIViewController.swift */ = {isa = PBXFileReference; lastKnownFileType = sourcecode.swift; path = UIViewController.swift; sourceTree = "<group>"; };
		87BA69122D498510008DF823 /* Locales.swift */ = {isa = PBXFileReference; lastKnownFileType = sourcecode.swift; path = Locales.swift; sourceTree = "<group>"; };
		87BD28542D5CA7F00085C05F /* Delme.swift */ = {isa = PBXFileReference; lastKnownFileType = sourcecode.swift; path = Delme.swift; sourceTree = "<group>"; };
		87BD45322D515BD0001B8E1B /* MakeEventPlacePicker.swift */ = {isa = PBXFileReference; lastKnownFileType = sourcecode.swift; path = MakeEventPlacePicker.swift; sourceTree = "<group>"; };
		87C6B69C2D809E6A00AECA90 /* EventLocationViewModel.swift */ = {isa = PBXFileReference; lastKnownFileType = sourcecode.swift; path = EventLocationViewModel.swift; sourceTree = "<group>"; };
		87DAF8C02D4E747D00C8C550 /* Info.plist */ = {isa = PBXFileReference; lastKnownFileType = text.plist; path = Info.plist; sourceTree = "<group>"; };
		87DAF8C12D4E74DA00C8C550 /* FontManager.swift */ = {isa = PBXFileReference; lastKnownFileType = sourcecode.swift; path = FontManager.swift; sourceTree = "<group>"; };
		87DAF8C32D4E775300C8C550 /* MontserratAlternates-Bold.ttf */ = {isa = PBXFileReference; lastKnownFileType = file; path = "MontserratAlternates-Bold.ttf"; sourceTree = "<group>"; };
		87DAF8C42D4E775300C8C550 /* MontserratAlternates-ExtraBold.ttf */ = {isa = PBXFileReference; lastKnownFileType = file; path = "MontserratAlternates-ExtraBold.ttf"; sourceTree = "<group>"; };
		87DAF8C52D4E775300C8C550 /* MontserratAlternates-Medium.ttf */ = {isa = PBXFileReference; lastKnownFileType = file; path = "MontserratAlternates-Medium.ttf"; sourceTree = "<group>"; };
		87DAF8C62D4E775300C8C550 /* MontserratAlternates-Regular.ttf */ = {isa = PBXFileReference; lastKnownFileType = file; path = "MontserratAlternates-Regular.ttf"; sourceTree = "<group>"; };
		87DAF8C72D4E775300C8C550 /* MontserratAlternates-SemiBold.ttf */ = {isa = PBXFileReference; lastKnownFileType = file; path = "MontserratAlternates-SemiBold.ttf"; sourceTree = "<group>"; };
		87E197F82D821B6300742E7D /* Place.swift */ = {isa = PBXFileReference; lastKnownFileType = sourcecode.swift; path = Place.swift; sourceTree = "<group>"; };
		87E6FC0A2CCE2B8000B2DA3B /* Yam.app */ = {isa = PBXFileReference; explicitFileType = wrapper.application; includeInIndex = 0; path = Yam.app; sourceTree = BUILT_PRODUCTS_DIR; };
		87FC48432D52089600F6D8CC /* MakeEventVStack.swift */ = {isa = PBXFileReference; lastKnownFileType = sourcecode.swift; path = MakeEventVStack.swift; sourceTree = "<group>"; };
		87FDD9342D82F25700C2B5EC /* YEventCardProtocol.swift */ = {isa = PBXFileReference; lastKnownFileType = sourcecode.swift; path = YEventCardProtocol.swift; sourceTree = "<group>"; };
		87FDD9362D82F5D500C2B5EC /* DateHandler.swift */ = {isa = PBXFileReference; lastKnownFileType = sourcecode.swift; path = DateHandler.swift; sourceTree = "<group>"; };
		87FDD9382D82F73400C2B5EC /* EventHandler.swift */ = {isa = PBXFileReference; lastKnownFileType = sourcecode.swift; path = EventHandler.swift; sourceTree = "<group>"; };
		87FDD93A2D83471100C2B5EC /* MapViewModel.swift */ = {isa = PBXFileReference; lastKnownFileType = sourcecode.swift; path = MapViewModel.swift; sourceTree = "<group>"; };
		DF7D991B2CE122D70018E694 /* YamApp.swift */ = {isa = PBXFileReference; lastKnownFileType = sourcecode.swift; path = YamApp.swift; sourceTree = "<group>"; };
/* End PBXFileReference section */

/* Begin PBXFrameworksBuildPhase section */
		87E6FC072CCE2B8000B2DA3B /* Frameworks */ = {
			isa = PBXFrameworksBuildPhase;
			buildActionMask = 2147483647;
			files = (
			);
			runOnlyForDeploymentPostprocessing = 0;
		};
/* End PBXFrameworksBuildPhase section */

/* Begin PBXGroup section */
		870E3C432D4388010043DA00 /* Authorization */ = {
			isa = PBXGroup;
			children = (
				878E73EF2D47B88D00D425F4 /* View */,
				878E73F12D47B88D00D425F4 /* ViewModel */,
				878E73F02D47B88D00D425F4 /* Model */,
				87BA69162D49858C008DF823 /* Support */,
			);
			path = Authorization;
			sourceTree = "<group>";
		};
		870E3C4C2D4388860043DA00 /* DesignSystem */ = {
			isa = PBXGroup;
			children = (
				870E3C582D4388D40043DA00 /* Component */,
				87BA69102D4984ED008DF823 /* Constant */,
				87BA69042D49828C008DF823 /* Font */,
				87BA69002D49807D008DF823 /* Color */,
				87BA69022D49822E008DF823 /* Emoji */,
				87BA69132D498510008DF823 /* Locale */,
			);
			path = DesignSystem;
			sourceTree = "<group>";
		};
		870E3C582D4388D40043DA00 /* Component */ = {
			isa = PBXGroup;
			children = (
				87FDD9332D82F22C00C2B5EC /* YEventCard */,
				870E3C5F2D4388D40043DA00 /* YText.swift */,
				87336F942D7DCA8700BD699A /* YCircleButton.swift */,
				879ADB002D80AF2600F43C04 /* YSquareButton.swift */,
				870E3C542D4388D40043DA00 /* YCapsuleLabel.swift */,
				8752B7052D468D3E0017F2B8 /* YImage.swift */,
				870E3C532D4388D40043DA00 /* GradientImage.swift */,
				870E3C552D4388D40043DA00 /* GradientLoader.swift */,
				870E3C462D4388860043DA00 /* AuthButton.swift */,
				870E3C472D4388860043DA00 /* AuthHeaderView.swift */,
				870E3C482D4388860043DA00 /* AuthTextField.swift */,
				870E3C4A2D4388860043DA00 /* Label.swift */,
			);
			path = Component;
			sourceTree = "<group>";
		};
		870E3C5C2D4388D40043DA00 /* Model */ = {
			isa = PBXGroup;
			children = (
				870E3C592D4388D40043DA00 /* MakeEventModel.swift */,
				870E3C672D4388D40043DA00 /* Event.swift */,
				87336FAC2D7F6B7F00BD699A /* Seats.swift */,
				87E197F82D821B6300742E7D /* Place.swift */,
			);
			path = Model;
			sourceTree = "<group>";
		};
		870E3C622D4388D40043DA00 /* View */ = {
			isa = PBXGroup;
			children = (
				870E3C612D4388D40043DA00 /* MakeEventView.swift */,
				878432E52D512A1500A24538 /* MakeEventImagePicker.swift */,
				870E3C602D4388D40043DA00 /* MakeEventTextField.swift */,
				870E3C5E2D4388D40043DA00 /* MakeEventDatePicker.swift */,
				87FC48432D52089600F6D8CC /* MakeEventVStack.swift */,
				87FC484A2D52446900F6D8CC /* MakeEventPlace */,
			);
			path = View;
			sourceTree = "<group>";
		};
		870E3C642D4388D40043DA00 /* ViewModel */ = {
			isa = PBXGroup;
			children = (
				870E3C632D4388D40043DA00 /* MakeEventViewModel.swift */,
			);
			path = ViewModel;
			sourceTree = "<group>";
		};
		870E3C652D4388D40043DA00 /* MakeEvent */ = {
			isa = PBXGroup;
			children = (
				870E3C622D4388D40043DA00 /* View */,
				870E3C642D4388D40043DA00 /* ViewModel */,
				870E3C5C2D4388D40043DA00 /* Model */,
			);
			path = MakeEvent;
			sourceTree = "<group>";
		};
		870E3C682D4388D40043DA00 /* Model */ = {
			isa = PBXGroup;
			children = (
			);
			path = Model;
			sourceTree = "<group>";
		};
		870E3C6F2D4388D40043DA00 /* View */ = {
			isa = PBXGroup;
			children = (
				870E3C6A2D4388D40043DA00 /* DetailedInfoView.swift */,
				870E3C6D2D4388D40043DA00 /* EventsView.swift */,
				870E3C6B2D4388D40043DA00 /* EventCard2.swift */,
				870E3C6C2D4388D40043DA00 /* EventComponents.swift */,
			);
			path = View;
			sourceTree = "<group>";
		};
		870E3C712D4388D40043DA00 /* ViewModel */ = {
			isa = PBXGroup;
			children = (
			);
			path = ViewModel;
			sourceTree = "<group>";
		};
		870E3C722D4388D40043DA00 /* DetailedInfo */ = {
			isa = PBXGroup;
			children = (
				870E3C6F2D4388D40043DA00 /* View */,
				870E3C712D4388D40043DA00 /* ViewModel */,
				870E3C682D4388D40043DA00 /* Model */,
			);
			path = DetailedInfo;
			sourceTree = "<group>";
		};
		870E3C732D4388D40043DA00 /* Model */ = {
			isa = PBXGroup;
			children = (
				8752B7032D464E370017F2B8 /* FeedModel.swift */,
			);
			path = Model;
			sourceTree = "<group>";
		};
		870E3C752D4388D40043DA00 /* View */ = {
			isa = PBXGroup;
			children = (
				870E3C742D4388D40043DA00 /* FeedView.swift */,
			);
			path = View;
			sourceTree = "<group>";
		};
		870E3C762D4388D40043DA00 /* ViewModel */ = {
			isa = PBXGroup;
			children = (
				8752B7012D464DF90017F2B8 /* FeedViewModel.swift */,
			);
			path = ViewModel;
			sourceTree = "<group>";
		};
		870E3C772D4388D40043DA00 /* Feed */ = {
			isa = PBXGroup;
			children = (
				870E3C752D4388D40043DA00 /* View */,
				870E3C762D4388D40043DA00 /* ViewModel */,
				870E3C732D4388D40043DA00 /* Model */,
			);
			path = Feed;
			sourceTree = "<group>";
		};
		870E3C7D2D4388D40043DA00 /* Entry */ = {
			isa = PBXGroup;
			children = (
				87336F502D7C399100BD699A /* View */,
				87336F512D7C399500BD699A /* ViewModel */,
				87336F552D7C3A3600BD699A /* Model */,
			);
			path = Entry;
			sourceTree = "<group>";
		};
		870E3C802D4388D40043DA00 /* View */ = {
			isa = PBXGroup;
			children = (
				870E3C7F2D4388D40043DA00 /* MapView.swift */,
			);
			path = View;
			sourceTree = "<group>";
		};
		870E3C822D4388D40043DA00 /* Map */ = {
			isa = PBXGroup;
			children = (
				870E3C802D4388D40043DA00 /* View */,
				87336F4E2D7C392700BD699A /* ViewModel */,
				87336F4F2D7C392A00BD699A /* Model */,
			);
			path = Map;
			sourceTree = "<group>";
		};
		870E3C842D4388D40043DA00 /* Preview Content */ = {
			isa = PBXGroup;
			children = (
				870E3C832D4388D40043DA00 /* Preview Assets.xcassets */,
			);
			path = "Preview Content";
			sourceTree = "<group>";
		};
		870E3C8C2D4388D40043DA00 /* Utility */ = {
			isa = PBXGroup;
			children = (
				879ADAFD2D80A16E00F43C04 /* Handler */,
				87B47A8E2D58B500007AA252 /* View */,
				87BA690E2D4983DC008DF823 /* Map */,
				87BA69082D498302008DF823 /* Keyboard */,
			);
			path = Utility;
			sourceTree = "<group>";
		};
		873054352D5A9AFF003D6726 /* Trash */ = {
			isa = PBXGroup;
			children = (
				87336F962D7DCF2B00BD699A /* C.swift */,
				87336F9A2D7E33DD00BD699A /* trash.swift */,
				879F2BFF2D46E20C0027E46D /* GeopointHandler.swift */,
				87BD28542D5CA7F00085C05F /* Delme.swift */,
			);
			path = Trash;
			sourceTree = "<group>";
		};
		8730543C2D5A9B53003D6726 /* View */ = {
			isa = PBXGroup;
			children = (
				873054402D5A9B82003D6726 /* ProfileView.swift */,
				87336FA22D7F45F300BD699A /* ProfileTopTabBar.swift */,
				87336F9E2D7ED82200BD699A /* ProfileVStack.swift */,
			);
			path = View;
			sourceTree = "<group>";
		};
		8730543F2D5A9B53003D6726 /* Profile */ = {
			isa = PBXGroup;
			children = (
				8730543C2D5A9B53003D6726 /* View */,
				87336F5B2D7C42BD00BD699A /* ViewModel */,
				87336F5A2D7C42BD00BD699A /* Model */,
			);
			path = Profile;
			sourceTree = "<group>";
		};
		87336F4E2D7C392700BD699A /* ViewModel */ = {
			isa = PBXGroup;
			children = (
				87FDD93A2D83471100C2B5EC /* MapViewModel.swift */,
			);
			path = ViewModel;
			sourceTree = "<group>";
		};
		87336F4F2D7C392A00BD699A /* Model */ = {
			isa = PBXGroup;
			children = (
			);
			path = Model;
			sourceTree = "<group>";
		};
		87336F502D7C399100BD699A /* View */ = {
			isa = PBXGroup;
			children = (
				870E3C792D4388D40043DA00 /* EntryView.swift */,
				879B8A8D2D4BB81000DB28CC /* DisabledLocationServicesView.swift */,
				876084C12D7A37B500195B68 /* EntryTabBar.swift */,
			);
			path = View;
			sourceTree = "<group>";
		};
		87336F512D7C399500BD699A /* ViewModel */ = {
			isa = PBXGroup;
			children = (
				87336F532D7C39AB00BD699A /* EntryViewModel.swift */,
				870E3C7B2D4388D40043DA00 /* LocationServicesStatusManager.swift */,
			);
			path = ViewModel;
			sourceTree = "<group>";
		};
		87336F552D7C3A3600BD699A /* Model */ = {
			isa = PBXGroup;
			children = (
				87336F562D7C3A5900BD699A /* EntryTab.swift */,
			);
			path = Model;
			sourceTree = "<group>";
		};
		87336F5A2D7C42BD00BD699A /* Model */ = {
			isa = PBXGroup;
			children = (
				87336FA62D7F56A800BD699A /* ProfileTab.swift */,
			);
			path = Model;
			sourceTree = "<group>";
		};
		87336F5B2D7C42BD00BD699A /* ViewModel */ = {
			isa = PBXGroup;
			children = (
				87336F5E2D7C4BBD00BD699A /* ProfileViewModel.swift */,
			);
			path = ViewModel;
			sourceTree = "<group>";
		};
		878E73EF2D47B88D00D425F4 /* View */ = {
			isa = PBXGroup;
			children = (
				870E3C422D4388010043DA00 /* RegisterViewController.swift */,
				870E3C412D4388010043DA00 /* LoginViewController.swift */,
			);
			path = View;
			sourceTree = "<group>";
		};
		878E73F02D47B88D00D425F4 /* Model */ = {
			isa = PBXGroup;
			children = (
				878E73F22D47B8A000D425F4 /* UserModel.swift */,
			);
			path = Model;
			sourceTree = "<group>";
		};
		878E73F12D47B88D00D425F4 /* ViewModel */ = {
			isa = PBXGroup;
			children = (
			);
			path = ViewModel;
			sourceTree = "<group>";
		};
		879ADAFD2D80A16E00F43C04 /* Handler */ = {
			isa = PBXGroup;
			children = (
				879ADAFE2D80A18400F43C04 /* LocationHandler.swift */,
				87FDD9362D82F5D500C2B5EC /* DateHandler.swift */,
				87FDD9382D82F73400C2B5EC /* EventHandler.swift */,
			);
			path = Handler;
			sourceTree = "<group>";
		};
		879F2C012D46EEEA0027E46D /* EventLocation */ = {
			isa = PBXGroup;
			children = (
				879F2C072D46EF190027E46D /* View */,
				87C6B69B2D809E5F00AECA90 /* ViewModel */,
			);
			path = EventLocation;
			sourceTree = "<group>";
		};
		879F2C072D46EF190027E46D /* View */ = {
			isa = PBXGroup;
			children = (
				879F2C082D46EF2A0027E46D /* EventLocationView.swift */,
			);
			path = View;
			sourceTree = "<group>";
		};
		87B47A8E2D58B500007AA252 /* View */ = {
			isa = PBXGroup;
			children = (
				87B47A8D2D58B500007AA252 /* CornerRadius.swift */,
			);
			path = View;
			sourceTree = "<group>";
		};
		87BA68ED2D494DBD008DF823 /* Core */ = {
			isa = PBXGroup;
			children = (
				DF7D991B2CE122D70018E694 /* YamApp.swift */,
				870E3C8B2D4388D40043DA00 /* TempDatabase.swift */,
				870E3C852D4388D40043DA00 /* Assets.xcassets */,
				870E3C842D4388D40043DA00 /* Preview Content */,
			);
			path = Core;
			sourceTree = "<group>";
		};
		87BA68FC2D497C39008DF823 /* Modules */ = {
			isa = PBXGroup;
			children = (
				870E3C7D2D4388D40043DA00 /* Entry */,
				870E3C432D4388010043DA00 /* Authorization */,
				8730543F2D5A9B53003D6726 /* Profile */,
				870E3C652D4388D40043DA00 /* MakeEvent */,
				870E3C772D4388D40043DA00 /* Feed */,
				870E3C822D4388D40043DA00 /* Map */,
				870E3C722D4388D40043DA00 /* DetailedInfo */,
				879F2C012D46EEEA0027E46D /* EventLocation */,
			);
			path = Modules;
			sourceTree = "<group>";
		};
		87BA69002D49807D008DF823 /* Color */ = {
			isa = PBXGroup;
			children = (
				870E3C872D4388D40043DA00 /* Colors.swift */,
				870E3C892D4388D40043DA00 /* Gradients.swift */,
			);
			path = Color;
			sourceTree = "<group>";
		};
		87BA69022D49822E008DF823 /* Emoji */ = {
			isa = PBXGroup;
			children = (
				8752B6FB2D4568FB0017F2B8 /* Emoji.swift */,
			);
			path = Emoji;
			sourceTree = "<group>";
		};
		87BA69042D49828C008DF823 /* Font */ = {
			isa = PBXGroup;
			children = (
				87DAF8C12D4E74DA00C8C550 /* FontManager.swift */,
				87DAF8CE2D4E77DF00C8C550 /* MontserratAlternates */,
			);
			path = Font;
			sourceTree = "<group>";
		};
		87BA69082D498302008DF823 /* Keyboard */ = {
			isa = PBXGroup;
			children = (
				87BA69072D498302008DF823 /* UIViewController.swift */,
			);
			path = Keyboard;
			sourceTree = "<group>";
		};
		87BA690E2D4983DC008DF823 /* Map */ = {
			isa = PBXGroup;
			children = (
				87BA68F72D494F8F008DF823 /* CLLocationCoordinate2DExtension.swift */,
			);
			path = Map;
			sourceTree = "<group>";
		};
		87BA69102D4984ED008DF823 /* Constant */ = {
			isa = PBXGroup;
			children = (
				87336F4A2D7C329F00BD699A /* Const.swift */,
				870E3C862D4388D40043DA00 /* EntryConst.swift */,
				87336F602D7C51A600BD699A /* ProfileConst.swift */,
				87336F8E2D7C978B00BD699A /* MakeEventConst.swift */,
				87336FAE2D7F6CE000BD699A /* EventLocationConst.swift */,
			);
			path = Constant;
			sourceTree = "<group>";
		};
		87BA69132D498510008DF823 /* Locale */ = {
			isa = PBXGroup;
			children = (
				87BA69122D498510008DF823 /* Locales.swift */,
			);
			path = Locale;
			sourceTree = "<group>";
		};
		87BA69162D49858C008DF823 /* Support */ = {
			isa = PBXGroup;
			children = (
				870E3C562D4388D40043DA00 /* LoginScreenIntegrator.swift */,
			);
			path = Support;
			sourceTree = "<group>";
		};
		87C6B69B2D809E5F00AECA90 /* ViewModel */ = {
			isa = PBXGroup;
			children = (
				87C6B69C2D809E6A00AECA90 /* EventLocationViewModel.swift */,
			);
			path = ViewModel;
			sourceTree = "<group>";
		};
		87DAF8CE2D4E77DF00C8C550 /* MontserratAlternates */ = {
			isa = PBXGroup;
			children = (
				87DAF8C42D4E775300C8C550 /* MontserratAlternates-ExtraBold.ttf */,
				87DAF8C32D4E775300C8C550 /* MontserratAlternates-Bold.ttf */,
				87DAF8C72D4E775300C8C550 /* MontserratAlternates-SemiBold.ttf */,
				87DAF8C52D4E775300C8C550 /* MontserratAlternates-Medium.ttf */,
				87DAF8C62D4E775300C8C550 /* MontserratAlternates-Regular.ttf */,
			);
			path = MontserratAlternates;
			sourceTree = "<group>";
		};
		87E6FC012CCE2B8000B2DA3B = {
			isa = PBXGroup;
			children = (
				DF7D991C2CE122D70018E694 /* Yam */,
				87E6FC0B2CCE2B8000B2DA3B /* Products */,
			);
			sourceTree = "<group>";
		};
		87E6FC0B2CCE2B8000B2DA3B /* Products */ = {
			isa = PBXGroup;
			children = (
				87E6FC0A2CCE2B8000B2DA3B /* Yam.app */,
			);
			name = Products;
			sourceTree = "<group>";
		};
		87FC484A2D52446900F6D8CC /* MakeEventPlace */ = {
			isa = PBXGroup;
			children = (
				87BD45322D515BD0001B8E1B /* MakeEventPlacePicker.swift */,
				870E3C5D2D4388D40043DA00 /* MakeEventPlaceView.swift */,
				8752B6F72D455A710017F2B8 /* MakeEventPlaceMap.swift */,
			);
			path = MakeEventPlace;
			sourceTree = "<group>";
		};
		87FDD9332D82F22C00C2B5EC /* YEventCard */ = {
			isa = PBXGroup;
			children = (
				87336F9C2D7E960C00BD699A /* YEventCard.swift */,
				87FDD9342D82F25700C2B5EC /* YEventCardProtocol.swift */,
			);
			path = YEventCard;
			sourceTree = "<group>";
		};
		DF7D991C2CE122D70018E694 /* Yam */ = {
			isa = PBXGroup;
			children = (
				87DAF8C02D4E747D00C8C550 /* Info.plist */,
				87BA68ED2D494DBD008DF823 /* Core */,
				87BA68FC2D497C39008DF823 /* Modules */,
				870E3C4C2D4388860043DA00 /* DesignSystem */,
				870E3C8C2D4388D40043DA00 /* Utility */,
				873054352D5A9AFF003D6726 /* Trash */,
			);
			path = Yam;
			sourceTree = "<group>";
		};
/* End PBXGroup section */

/* Begin PBXNativeTarget section */
		87E6FC092CCE2B8000B2DA3B /* Yam */ = {
			isa = PBXNativeTarget;
			buildConfigurationList = 87E6FC182CCE2B8200B2DA3B /* Build configuration list for PBXNativeTarget "Yam" */;
			buildPhases = (
				87E6FC062CCE2B8000B2DA3B /* Sources */,
				87E6FC072CCE2B8000B2DA3B /* Frameworks */,
				87E6FC082CCE2B8000B2DA3B /* Resources */,
			);
			buildRules = (
			);
			dependencies = (
			);
			name = Yam;
			productName = Yam;
			productReference = 87E6FC0A2CCE2B8000B2DA3B /* Yam.app */;
			productType = "com.apple.product-type.application";
		};
/* End PBXNativeTarget section */

/* Begin PBXProject section */
		87E6FC022CCE2B8000B2DA3B /* Project object */ = {
			isa = PBXProject;
			attributes = {
				BuildIndependentTargetsInParallel = 1;
				LastSwiftUpdateCheck = 1600;
				LastUpgradeCheck = 1600;
				TargetAttributes = {
					87E6FC092CCE2B8000B2DA3B = {
						CreatedOnToolsVersion = 16.0;
					};
				};
			};
			buildConfigurationList = 87E6FC052CCE2B8000B2DA3B /* Build configuration list for PBXProject "Yam" */;
			compatibilityVersion = "Xcode 14.0";
			developmentRegion = en;
			hasScannedForEncodings = 0;
			knownRegions = (
				en,
				Base,
			);
			mainGroup = 87E6FC012CCE2B8000B2DA3B;
			productRefGroup = 87E6FC0B2CCE2B8000B2DA3B /* Products */;
			projectDirPath = "";
			projectRoot = "";
			targets = (
				87E6FC092CCE2B8000B2DA3B /* Yam */,
			);
		};
/* End PBXProject section */

/* Begin PBXResourcesBuildPhase section */
		87E6FC082CCE2B8000B2DA3B /* Resources */ = {
			isa = PBXResourcesBuildPhase;
			buildActionMask = 2147483647;
			files = (
				870E3CAE2D4388D40043DA00 /* Preview Assets.xcassets in Resources */,
				87DAF8C82D4E775300C8C550 /* MontserratAlternates-Medium.ttf in Resources */,
				87DAF8C92D4E775300C8C550 /* MontserratAlternates-Regular.ttf in Resources */,
				87DAF8CA2D4E775300C8C550 /* MontserratAlternates-Bold.ttf in Resources */,
				87DAF8CB2D4E775300C8C550 /* MontserratAlternates-ExtraBold.ttf in Resources */,
				87DAF8CC2D4E775300C8C550 /* MontserratAlternates-SemiBold.ttf in Resources */,
				870E3CAF2D4388D40043DA00 /* Assets.xcassets in Resources */,
			);
			runOnlyForDeploymentPostprocessing = 0;
		};
/* End PBXResourcesBuildPhase section */

/* Begin PBXSourcesBuildPhase section */
		87E6FC062CCE2B8000B2DA3B /* Sources */ = {
			isa = PBXSourcesBuildPhase;
			buildActionMask = 2147483647;
			files = (
				DF7D99202CE122D70018E694 /* YamApp.swift in Sources */,
				870E3C4D2D4388860043DA00 /* AuthHeaderView.swift in Sources */,
				870E3C4E2D4388860043DA00 /* AuthButton.swift in Sources */,
				870E3C512D4388860043DA00 /* Label.swift in Sources */,
				8752B7022D464DF90017F2B8 /* FeedViewModel.swift in Sources */,
				87336FAF2D7F6CE000BD699A /* EventLocationConst.swift in Sources */,
				870E3C522D4388860043DA00 /* AuthTextField.swift in Sources */,
				878E73F32D47B8A000D425F4 /* UserModel.swift in Sources */,
				87336FA32D7F45F300BD699A /* ProfileTopTabBar.swift in Sources */,
				87336FAD2D7F6B7F00BD699A /* Seats.swift in Sources */,
				87FDD9352D82F25700C2B5EC /* YEventCardProtocol.swift in Sources */,
				87FDD9392D82F73400C2B5EC /* EventHandler.swift in Sources */,
				870E3C8D2D4388D40043DA00 /* MakeEventModel.swift in Sources */,
				870E3C8E2D4388D40043DA00 /* EntryConst.swift in Sources */,
				870E3C902D4388D40043DA00 /* Event.swift in Sources */,
				87DAF8C22D4E74DA00C8C550 /* FontManager.swift in Sources */,
				87336F9F2D7ED82200BD699A /* ProfileVStack.swift in Sources */,
				879ADAFF2D80A18400F43C04 /* LocationHandler.swift in Sources */,
				8752B6F82D455A710017F2B8 /* MakeEventPlaceMap.swift in Sources */,
				87FDD93B2D83471100C2B5EC /* MapViewModel.swift in Sources */,
				87FC48442D52089600F6D8CC /* MakeEventVStack.swift in Sources */,
				87BA690A2D498302008DF823 /* UIViewController.swift in Sources */,
				870E3C912D4388D40043DA00 /* EntryView.swift in Sources */,
				870E3C942D4388D40043DA00 /* EventComponents.swift in Sources */,
				87336F9D2D7E960C00BD699A /* YEventCard.swift in Sources */,
				879F2C092D46EF2A0027E46D /* EventLocationView.swift in Sources */,
				870E3C952D4388D40043DA00 /* Colors.swift in Sources */,
				878432E62D512A1500A24538 /* MakeEventImagePicker.swift in Sources */,
				87B47A8F2D58B500007AA252 /* CornerRadius.swift in Sources */,
				870E3C982D4388D40043DA00 /* LocationServicesStatusManager.swift in Sources */,
				870E3C992D4388D40043DA00 /* EventsView.swift in Sources */,
				87336F572D7C3A5900BD699A /* EntryTab.swift in Sources */,
				87336F952D7DCA8700BD699A /* YCircleButton.swift in Sources */,
				870E3C9A2D4388D40043DA00 /* YText.swift in Sources */,
				876084C22D7A37B500195B68 /* EntryTabBar.swift in Sources */,
				87336F612D7C51A600BD699A /* ProfileConst.swift in Sources */,
				870E3C9B2D4388D40043DA00 /* GradientLoader.swift in Sources */,
				8752B6FC2D4568FB0017F2B8 /* Emoji.swift in Sources */,
				87336F4B2D7C329F00BD699A /* Const.swift in Sources */,
				870E3C9C2D4388D40043DA00 /* MakeEventPlaceView.swift in Sources */,
				8752B7042D464E370017F2B8 /* FeedModel.swift in Sources */,
				879F2C002D46E20C0027E46D /* GeopointHandler.swift in Sources */,
				87C6B69D2D809E6A00AECA90 /* EventLocationViewModel.swift in Sources */,
				87BA68F82D494F8F008DF823 /* CLLocationCoordinate2DExtension.swift in Sources */,
				870E3C9F2D4388D40043DA00 /* FeedView.swift in Sources */,
				870E3CA02D4388D40043DA00 /* GradientImage.swift in Sources */,
				870E3CA12D4388D40043DA00 /* Gradients.swift in Sources */,
				87FDD9372D82F5D500C2B5EC /* DateHandler.swift in Sources */,
				879ADB012D80AF2600F43C04 /* YSquareButton.swift in Sources */,
				870E3CA22D4388D40043DA00 /* EventCard2.swift in Sources */,
				87BD45332D515BD0001B8E1B /* MakeEventPlacePicker.swift in Sources */,
				870E3CA32D4388D40043DA00 /* YCapsuleLabel.swift in Sources */,
				87336F542D7C39AC00BD699A /* EntryViewModel.swift in Sources */,
				87336F5F2D7C4BBD00BD699A /* ProfileViewModel.swift in Sources */,
				87E197F92D821B6300742E7D /* Place.swift in Sources */,
				87336F8F2D7C978B00BD699A /* MakeEventConst.swift in Sources */,
				87336F9B2D7E33DD00BD699A /* trash.swift in Sources */,
				8752B7062D468D3E0017F2B8 /* YImage.swift in Sources */,
				870E3CA52D4388D40043DA00 /* MakeEventTextField.swift in Sources */,
				870E3CA62D4388D40043DA00 /* MakeEventViewModel.swift in Sources */,
				87336FA72D7F56A800BD699A /* ProfileTab.swift in Sources */,
				873054412D5A9B82003D6726 /* ProfileView.swift in Sources */,
				870E3CA82D4388D40043DA00 /* MapView.swift in Sources */,
				87BD28552D5CA7F00085C05F /* Delme.swift in Sources */,
				870E3CA92D4388D40043DA00 /* MakeEventDatePicker.swift in Sources */,
				87BA69142D498510008DF823 /* Locales.swift in Sources */,
				870E3CAA2D4388D40043DA00 /* DetailedInfoView.swift in Sources */,
				870E3CAB2D4388D40043DA00 /* TempDatabase.swift in Sources */,
				870E3CAC2D4388D40043DA00 /* MakeEventView.swift in Sources */,
				870E3CAD2D4388D40043DA00 /* LoginScreenIntegrator.swift in Sources */,
				870E3C442D4388010043DA00 /* RegisterViewController.swift in Sources */,
				87336F972D7DCF2B00BD699A /* C.swift in Sources */,
				870E3C452D4388010043DA00 /* LoginViewController.swift in Sources */,
				879B8A8E2D4BB81000DB28CC /* DisabledLocationServicesView.swift in Sources */,
			);
			runOnlyForDeploymentPostprocessing = 0;
		};
/* End PBXSourcesBuildPhase section */

/* Begin XCBuildConfiguration section */
		87E6FC162CCE2B8200B2DA3B /* Debug */ = {
			isa = XCBuildConfiguration;
			buildSettings = {
				ALWAYS_SEARCH_USER_PATHS = NO;
				ASSETCATALOG_COMPILER_GENERATE_SWIFT_ASSET_SYMBOL_EXTENSIONS = YES;
				CLANG_ANALYZER_NONNULL = YES;
				CLANG_ANALYZER_NUMBER_OBJECT_CONVERSION = YES_AGGRESSIVE;
				CLANG_CXX_LANGUAGE_STANDARD = "gnu++20";
				CLANG_ENABLE_MODULES = YES;
				CLANG_ENABLE_OBJC_ARC = YES;
				CLANG_ENABLE_OBJC_WEAK = YES;
				CLANG_WARN_BLOCK_CAPTURE_AUTORELEASING = YES;
				CLANG_WARN_BOOL_CONVERSION = YES;
				CLANG_WARN_COMMA = YES;
				CLANG_WARN_CONSTANT_CONVERSION = YES;
				CLANG_WARN_DEPRECATED_OBJC_IMPLEMENTATIONS = YES;
				CLANG_WARN_DIRECT_OBJC_ISA_USAGE = YES_ERROR;
				CLANG_WARN_DOCUMENTATION_COMMENTS = YES;
				CLANG_WARN_EMPTY_BODY = YES;
				CLANG_WARN_ENUM_CONVERSION = YES;
				CLANG_WARN_INFINITE_RECURSION = YES;
				CLANG_WARN_INT_CONVERSION = YES;
				CLANG_WARN_NON_LITERAL_NULL_CONVERSION = YES;
				CLANG_WARN_OBJC_IMPLICIT_RETAIN_SELF = YES;
				CLANG_WARN_OBJC_LITERAL_CONVERSION = YES;
				CLANG_WARN_OBJC_ROOT_CLASS = YES_ERROR;
				CLANG_WARN_QUOTED_INCLUDE_IN_FRAMEWORK_HEADER = YES;
				CLANG_WARN_RANGE_LOOP_ANALYSIS = YES;
				CLANG_WARN_STRICT_PROTOTYPES = YES;
				CLANG_WARN_SUSPICIOUS_MOVE = YES;
				CLANG_WARN_UNGUARDED_AVAILABILITY = YES_AGGRESSIVE;
				CLANG_WARN_UNREACHABLE_CODE = YES;
				CLANG_WARN__DUPLICATE_METHOD_MATCH = YES;
				COPY_PHASE_STRIP = NO;
				DEBUG_INFORMATION_FORMAT = dwarf;
				ENABLE_STRICT_OBJC_MSGSEND = YES;
				ENABLE_TESTABILITY = YES;
				ENABLE_USER_SCRIPT_SANDBOXING = YES;
				GCC_C_LANGUAGE_STANDARD = gnu17;
				GCC_DYNAMIC_NO_PIC = NO;
				GCC_NO_COMMON_BLOCKS = YES;
				GCC_OPTIMIZATION_LEVEL = 0;
				GCC_PREPROCESSOR_DEFINITIONS = (
					"DEBUG=1",
					"$(inherited)",
				);
				GCC_WARN_64_TO_32_BIT_CONVERSION = YES;
				GCC_WARN_ABOUT_RETURN_TYPE = YES_ERROR;
				GCC_WARN_UNDECLARED_SELECTOR = YES;
				GCC_WARN_UNINITIALIZED_AUTOS = YES_AGGRESSIVE;
				GCC_WARN_UNUSED_FUNCTION = YES;
				GCC_WARN_UNUSED_VARIABLE = YES;
				IPHONEOS_DEPLOYMENT_TARGET = 16.0;
				LOCALIZATION_PREFERS_STRING_CATALOGS = YES;
				MTL_ENABLE_DEBUG_INFO = INCLUDE_SOURCE;
				MTL_FAST_MATH = YES;
				ONLY_ACTIVE_ARCH = YES;
				SDKROOT = iphoneos;
				SWIFT_ACTIVE_COMPILATION_CONDITIONS = "DEBUG $(inherited)";
				SWIFT_OPTIMIZATION_LEVEL = "-Onone";
			};
			name = Debug;
		};
		87E6FC172CCE2B8200B2DA3B /* Release */ = {
			isa = XCBuildConfiguration;
			buildSettings = {
				ALWAYS_SEARCH_USER_PATHS = NO;
				ASSETCATALOG_COMPILER_GENERATE_SWIFT_ASSET_SYMBOL_EXTENSIONS = YES;
				CLANG_ANALYZER_NONNULL = YES;
				CLANG_ANALYZER_NUMBER_OBJECT_CONVERSION = YES_AGGRESSIVE;
				CLANG_CXX_LANGUAGE_STANDARD = "gnu++20";
				CLANG_ENABLE_MODULES = YES;
				CLANG_ENABLE_OBJC_ARC = YES;
				CLANG_ENABLE_OBJC_WEAK = YES;
				CLANG_WARN_BLOCK_CAPTURE_AUTORELEASING = YES;
				CLANG_WARN_BOOL_CONVERSION = YES;
				CLANG_WARN_COMMA = YES;
				CLANG_WARN_CONSTANT_CONVERSION = YES;
				CLANG_WARN_DEPRECATED_OBJC_IMPLEMENTATIONS = YES;
				CLANG_WARN_DIRECT_OBJC_ISA_USAGE = YES_ERROR;
				CLANG_WARN_DOCUMENTATION_COMMENTS = YES;
				CLANG_WARN_EMPTY_BODY = YES;
				CLANG_WARN_ENUM_CONVERSION = YES;
				CLANG_WARN_INFINITE_RECURSION = YES;
				CLANG_WARN_INT_CONVERSION = YES;
				CLANG_WARN_NON_LITERAL_NULL_CONVERSION = YES;
				CLANG_WARN_OBJC_IMPLICIT_RETAIN_SELF = YES;
				CLANG_WARN_OBJC_LITERAL_CONVERSION = YES;
				CLANG_WARN_OBJC_ROOT_CLASS = YES_ERROR;
				CLANG_WARN_QUOTED_INCLUDE_IN_FRAMEWORK_HEADER = YES;
				CLANG_WARN_RANGE_LOOP_ANALYSIS = YES;
				CLANG_WARN_STRICT_PROTOTYPES = YES;
				CLANG_WARN_SUSPICIOUS_MOVE = YES;
				CLANG_WARN_UNGUARDED_AVAILABILITY = YES_AGGRESSIVE;
				CLANG_WARN_UNREACHABLE_CODE = YES;
				CLANG_WARN__DUPLICATE_METHOD_MATCH = YES;
				COPY_PHASE_STRIP = NO;
				DEBUG_INFORMATION_FORMAT = "dwarf-with-dsym";
				ENABLE_NS_ASSERTIONS = NO;
				ENABLE_STRICT_OBJC_MSGSEND = YES;
				ENABLE_USER_SCRIPT_SANDBOXING = YES;
				GCC_C_LANGUAGE_STANDARD = gnu17;
				GCC_NO_COMMON_BLOCKS = YES;
				GCC_WARN_64_TO_32_BIT_CONVERSION = YES;
				GCC_WARN_ABOUT_RETURN_TYPE = YES_ERROR;
				GCC_WARN_UNDECLARED_SELECTOR = YES;
				GCC_WARN_UNINITIALIZED_AUTOS = YES_AGGRESSIVE;
				GCC_WARN_UNUSED_FUNCTION = YES;
				GCC_WARN_UNUSED_VARIABLE = YES;
				IPHONEOS_DEPLOYMENT_TARGET = 16.0;
				LOCALIZATION_PREFERS_STRING_CATALOGS = YES;
				MTL_ENABLE_DEBUG_INFO = NO;
				MTL_FAST_MATH = YES;
				SDKROOT = iphoneos;
				SWIFT_COMPILATION_MODE = wholemodule;
				VALIDATE_PRODUCT = YES;
			};
			name = Release;
		};
		87E6FC192CCE2B8200B2DA3B /* Debug */ = {
			isa = XCBuildConfiguration;
			buildSettings = {
				ASSETCATALOG_COMPILER_APPICON_NAME = AppIcon;
				ASSETCATALOG_COMPILER_GLOBAL_ACCENT_COLOR_NAME = AccentColor;
				CODE_SIGN_STYLE = Automatic;
				CURRENT_PROJECT_VERSION = 1;
				DEVELOPMENT_ASSET_PATHS = "\"Yam/Core/Preview Content\"";
				DEVELOPMENT_TEAM = FP582B2GU2;
				ENABLE_PREVIEWS = YES;
				ENABLE_USER_SCRIPT_SANDBOXING = NO;
				GENERATE_INFOPLIST_FILE = YES;
				INFOPLIST_FILE = Yam/Info.plist;
				INFOPLIST_KEY_NSLocationWhenInUseUsageDescription = "Enable location services";
				INFOPLIST_KEY_UIApplicationSceneManifest_Generation = YES;
				INFOPLIST_KEY_UIApplicationSupportsIndirectInputEvents = YES;
				INFOPLIST_KEY_UILaunchScreen_Generation = YES;
				INFOPLIST_KEY_UISupportedInterfaceOrientations = UIInterfaceOrientationPortrait;
				INFOPLIST_KEY_UISupportedInterfaceOrientations_iPad = "UIInterfaceOrientationLandscapeLeft UIInterfaceOrientationLandscapeRight UIInterfaceOrientationPortrait UIInterfaceOrientationPortraitUpsideDown";
				INFOPLIST_KEY_UIUserInterfaceStyle = Dark;
				IPHONEOS_DEPLOYMENT_TARGET = 18.0;
				LD_RUNPATH_SEARCH_PATHS = (
					"$(inherited)",
					"@executable_path/Frameworks",
				);
				MARKETING_VERSION = 1.0;
				PRODUCT_BUNDLE_IDENTIFIER = com.ilyansky.Yam;
				PRODUCT_NAME = "$(TARGET_NAME)";
				SUPPORTED_PLATFORMS = "iphoneos iphonesimulator";
				SUPPORTS_MACCATALYST = NO;
				SUPPORTS_MAC_DESIGNED_FOR_IPHONE_IPAD = NO;
				SUPPORTS_XR_DESIGNED_FOR_IPHONE_IPAD = NO;
				SWIFT_EMIT_LOC_STRINGS = YES;
				SWIFT_VERSION = 5.0;
				TARGETED_DEVICE_FAMILY = 1;
			};
			name = Debug;
		};
		87E6FC1A2CCE2B8200B2DA3B /* Release */ = {
			isa = XCBuildConfiguration;
			buildSettings = {
				ASSETCATALOG_COMPILER_APPICON_NAME = AppIcon;
				ASSETCATALOG_COMPILER_GLOBAL_ACCENT_COLOR_NAME = AccentColor;
				CODE_SIGN_STYLE = Automatic;
				CURRENT_PROJECT_VERSION = 1;
				DEVELOPMENT_ASSET_PATHS = "\"Yam/Core/Preview Content\"";
				DEVELOPMENT_TEAM = FP582B2GU2;
				ENABLE_PREVIEWS = YES;
				ENABLE_USER_SCRIPT_SANDBOXING = NO;
				GENERATE_INFOPLIST_FILE = YES;
				INFOPLIST_FILE = Yam/Info.plist;
				INFOPLIST_KEY_NSLocationWhenInUseUsageDescription = "Enable location services";
				INFOPLIST_KEY_UIApplicationSceneManifest_Generation = YES;
				INFOPLIST_KEY_UIApplicationSupportsIndirectInputEvents = YES;
				INFOPLIST_KEY_UILaunchScreen_Generation = YES;
				INFOPLIST_KEY_UISupportedInterfaceOrientations = UIInterfaceOrientationPortrait;
				INFOPLIST_KEY_UISupportedInterfaceOrientations_iPad = "UIInterfaceOrientationLandscapeLeft UIInterfaceOrientationLandscapeRight UIInterfaceOrientationPortrait UIInterfaceOrientationPortraitUpsideDown";
				INFOPLIST_KEY_UIUserInterfaceStyle = Dark;
				IPHONEOS_DEPLOYMENT_TARGET = 18.0;
				LD_RUNPATH_SEARCH_PATHS = (
					"$(inherited)",
					"@executable_path/Frameworks",
				);
				MARKETING_VERSION = 1.0;
				PRODUCT_BUNDLE_IDENTIFIER = com.ilyansky.Yam;
				PRODUCT_NAME = "$(TARGET_NAME)";
				SUPPORTED_PLATFORMS = "iphoneos iphonesimulator";
				SUPPORTS_MACCATALYST = NO;
				SUPPORTS_MAC_DESIGNED_FOR_IPHONE_IPAD = NO;
				SUPPORTS_XR_DESIGNED_FOR_IPHONE_IPAD = NO;
				SWIFT_EMIT_LOC_STRINGS = YES;
				SWIFT_VERSION = 5.0;
				TARGETED_DEVICE_FAMILY = 1;
			};
			name = Release;
		};
/* End XCBuildConfiguration section */

/* Begin XCConfigurationList section */
		87E6FC052CCE2B8000B2DA3B /* Build configuration list for PBXProject "Yam" */ = {
			isa = XCConfigurationList;
			buildConfigurations = (
				87E6FC162CCE2B8200B2DA3B /* Debug */,
				87E6FC172CCE2B8200B2DA3B /* Release */,
			);
			defaultConfigurationIsVisible = 0;
			defaultConfigurationName = Release;
		};
		87E6FC182CCE2B8200B2DA3B /* Build configuration list for PBXNativeTarget "Yam" */ = {
			isa = XCConfigurationList;
			buildConfigurations = (
				87E6FC192CCE2B8200B2DA3B /* Debug */,
				87E6FC1A2CCE2B8200B2DA3B /* Release */,
			);
			defaultConfigurationIsVisible = 0;
			defaultConfigurationName = Release;
		};
/* End XCConfigurationList section */
	};
	rootObject = 87E6FC022CCE2B8000B2DA3B /* Project object */;
}
