PODS:
  - SwiftLint (0.57.1)

DEPENDENCIES:
  - SwiftLint (~> 0.57)

SPEC REPOS:
  trunk:
    - SwiftLint

SPEC CHECKSUMS:
  SwiftLint: 92196976e597b9afec5dbe374810103e6c1d9d7c

<<<<<<< HEAD
PODFILE CHECKSUM: 3c604fbff5db784d932b5ae17dbe8ef8e7804309
=======
PODFILE CHECKSUM: 5091925b82651059689240780e4d779438da6f81
>>>>>>> main

COCOAPODS: 1.16.2
